// !$*UTF8*$!
{
	archiveVersion = 1;
	classes = {
	};
	objectVersion = 51;
	objects = {

/* Begin PBXBuildFile section */
		1F2C097926073B41000E690E /* MainTabValidatorTests.swift in Sources */ = {isa = PBXBuildFile; fileRef = 1F2C097826073B41000E690E /* MainTabValidatorTests.swift */; };
		1F2C097E26073BAB000E690E /* MainTabValidator.swift in Sources */ = {isa = PBXBuildFile; fileRef = 1F2C097D26073BAB000E690E /* MainTabValidator.swift */; };
		1F2C09832607434E000E690E /* MainTabPresenterTests.swift in Sources */ = {isa = PBXBuildFile; fileRef = 1F2C09822607434E000E690E /* MainTabPresenterTests.swift */; };
		1F2C098B2607465C000E690E /* MockMainTabValidator.swift in Sources */ = {isa = PBXBuildFile; fileRef = 1F2C098A2607465C000E690E /* MockMainTabValidator.swift */; };
		1F2C09932607492B000E690E /* MainTabValidatorProtocol.swift in Sources */ = {isa = PBXBuildFile; fileRef = 1F2C09922607492B000E690E /* MainTabValidatorProtocol.swift */; };
		1F3D97592606208700D65153 /* MainTabWebServiceTests.swift in Sources */ = {isa = PBXBuildFile; fileRef = 1F3D97582606208700D65153 /* MainTabWebServiceTests.swift */; };
		1F3D97642606216400D65153 /* MainTabWebService.swift in Sources */ = {isa = PBXBuildFile; fileRef = 1F3D97632606216400D65153 /* MainTabWebService.swift */; };
		1F3D976A260623BD00D65153 /* User.swift in Sources */ = {isa = PBXBuildFile; fileRef = 1F3D9769260623BD00D65153 /* User.swift */; };
		1F3D9770260631A400D65153 /* MainTabPresenter.swift in Sources */ = {isa = PBXBuildFile; fileRef = 1F3D976F260631A400D65153 /* MainTabPresenter.swift */; };
		1F45443F2603B0B800CD05D7 /* SignupViewController.swift in Sources */ = {isa = PBXBuildFile; fileRef = 1F45443E2603B0B800CD05D7 /* SignupViewController.swift */; };
		1F4F88A5260810B10069E478 /* SuppliersInvoiceController.swift in Sources */ = {isa = PBXBuildFile; fileRef = 1F4F88A4260810B10069E478 /* SuppliersInvoiceController.swift */; };
		1F4F88B82608C27E0069E478 /* SuppliersInvoiceSummariesWebServiceTests.swift in Sources */ = {isa = PBXBuildFile; fileRef = 1F4F88B72608C27E0069E478 /* SuppliersInvoiceSummariesWebServiceTests.swift */; };
		1F52D69C260B3C25008A4A9F /* InvoiceSummaryCell.swift in Sources */ = {isa = PBXBuildFile; fileRef = 1F52D69B260B3C25008A4A9F /* InvoiceSummaryCell.swift */; };
		1F54F7B8260361A1005DC60D /* MockSignupViewDelegate.swift in Sources */ = {isa = PBXBuildFile; fileRef = 1F54F7B7260361A1005DC60D /* MockSignupViewDelegate.swift */; };
		1F54F7C126036359005DC60D /* SignupViewDelegateProtocol.swift in Sources */ = {isa = PBXBuildFile; fileRef = 1F54F7C026036359005DC60D /* SignupViewDelegateProtocol.swift */; };
		1F54F7CB260395CE005DC60D /* ActivityIndicator.swift in Sources */ = {isa = PBXBuildFile; fileRef = 1F54F7C9260395CE005DC60D /* ActivityIndicator.swift */; };
		1F54F7CC260395CE005DC60D /* Extensions.swift in Sources */ = {isa = PBXBuildFile; fileRef = 1F54F7CA260395CE005DC60D /* Extensions.swift */; };
		1F54F7D12603961C005DC60D /* Utils.swift in Sources */ = {isa = PBXBuildFile; fileRef = 1F54F7D02603961C005DC60D /* Utils.swift */; };
		1F54F7D72603AE62005DC60D /* SignupViewControllerTests.swift in Sources */ = {isa = PBXBuildFile; fileRef = 1F54F7D62603AE62005DC60D /* SignupViewControllerTests.swift */; };
		1F5A822D2608C5D400D90522 /* SuppliersInvoiceSummariesWebService.swift in Sources */ = {isa = PBXBuildFile; fileRef = 1F5A822C2608C5D400D90522 /* SuppliersInvoiceSummariesWebService.swift */; };
		1F5A82332608C6E200D90522 /* SuppliersInvSummaries.swift in Sources */ = {isa = PBXBuildFile; fileRef = 1F5A82322608C6E200D90522 /* SuppliersInvSummaries.swift */; };
		1F5A823F2608F42E00D90522 /* SuppliersInvoiceSummariesPresenterTests.swift in Sources */ = {isa = PBXBuildFile; fileRef = 1F5A823E2608F42E00D90522 /* SuppliersInvoiceSummariesPresenterTests.swift */; };
		1F5A824B2608F5DE00D90522 /* SuppliersInvoiceSummiersPresenter.swift in Sources */ = {isa = PBXBuildFile; fileRef = 1F5A824A2608F5DE00D90522 /* SuppliersInvoiceSummiersPresenter.swift */; };
		1F5A82542608F6AA00D90522 /* MockSuppliersInvoiceSummariesWebService.swift in Sources */ = {isa = PBXBuildFile; fileRef = 1F5A82532608F6AA00D90522 /* MockSuppliersInvoiceSummariesWebService.swift */; };
		1F5A825D2608F6E600D90522 /* SuppliersInvoiceSummariesWebServiceProtocol.swift in Sources */ = {isa = PBXBuildFile; fileRef = 1F5A825C2608F6E600D90522 /* SuppliersInvoiceSummariesWebServiceProtocol.swift */; };
		1F5A82632608FD2300D90522 /* MockSuppliersInvoiceSummeriesViewDelegate.swift in Sources */ = {isa = PBXBuildFile; fileRef = 1F5A82622608FD2300D90522 /* MockSuppliersInvoiceSummeriesViewDelegate.swift */; };
		1F5A826E2608FD8700D90522 /* SuppliersInvoiceSummariesViewDelegateProtocol.swift in Sources */ = {isa = PBXBuildFile; fileRef = 1F5A826D2608FD8700D90522 /* SuppliersInvoiceSummariesViewDelegateProtocol.swift */; };
		1F5A8274260910AC00D90522 /* SuppliersControllerTests.swift in Sources */ = {isa = PBXBuildFile; fileRef = 1F5A8273260910AC00D90522 /* SuppliersControllerTests.swift */; };
		1F5A827C26091B0E00D90522 /* MockSupplierInvoiceSummariesPresenter.swift in Sources */ = {isa = PBXBuildFile; fileRef = 1F5A827B26091B0E00D90522 /* MockSupplierInvoiceSummariesPresenter.swift */; };
		1F5A828126091B6600D90522 /* SupplierInvoiceSummariesPresenterProtocol.swift in Sources */ = {isa = PBXBuildFile; fileRef = 1F5A828026091B6600D90522 /* SupplierInvoiceSummariesPresenterProtocol.swift */; };
		1F6786862602489A00662A18 /* MockSignupWebService.swift in Sources */ = {isa = PBXBuildFile; fileRef = 1F6786852602489A00662A18 /* MockSignupWebService.swift */; };
		1F67868B260248ED00662A18 /* SignupWebServiceProtocol.swift in Sources */ = {isa = PBXBuildFile; fileRef = 1F67868A260248ED00662A18 /* SignupWebServiceProtocol.swift */; };
		1F6786B626028D9600662A18 /* GlobalConstants.swift in Sources */ = {isa = PBXBuildFile; fileRef = 1F6786B526028D9600662A18 /* GlobalConstants.swift */; };
		1F6786BB260290EC00662A18 /* SignupPresenterTests.swift in Sources */ = {isa = PBXBuildFile; fileRef = 1F6786BA260290EC00662A18 /* SignupPresenterTests.swift */; };
		1F6786C1260292AA00662A18 /* SignupPresenter.swift in Sources */ = {isa = PBXBuildFile; fileRef = 1F6786C0260292AA00662A18 /* SignupPresenter.swift */; };
		1F6786C62602947800662A18 /* MockSignupModelValidator.swift in Sources */ = {isa = PBXBuildFile; fileRef = 1F6786C52602947800662A18 /* MockSignupModelValidator.swift */; };
		1F6786CB260298B200662A18 /* SignupFormModelValidator.swift in Sources */ = {isa = PBXBuildFile; fileRef = 1F6786CA260298B200662A18 /* SignupFormModelValidator.swift */; };
		1F6786D0260298E800662A18 /* SignupModelValidatorProtocol.swift in Sources */ = {isa = PBXBuildFile; fileRef = 1F6786CF260298E800662A18 /* SignupModelValidatorProtocol.swift */; };
		1F6816AC2607EAB8006D3C8A /* MiscellaneousController.swift in Sources */ = {isa = PBXBuildFile; fileRef = 1F6816AB2607EAB8006D3C8A /* MiscellaneousController.swift */; };
		1F6816B42607EAC5006D3C8A /* ResultsController.swift in Sources */ = {isa = PBXBuildFile; fileRef = 1F6816B32607EAC5006D3C8A /* ResultsController.swift */; };
		1F6816B92607EAD0006D3C8A /* ProductionController.swift in Sources */ = {isa = PBXBuildFile; fileRef = 1F6816B82607EAD0006D3C8A /* ProductionController.swift */; };
		1F6816BE2607EADC006D3C8A /* CustomersController.swift in Sources */ = {isa = PBXBuildFile; fileRef = 1F6816BD2607EADC006D3C8A /* CustomersController.swift */; };
		1F6816C32607EAED006D3C8A /* SuppliersController.swift in Sources */ = {isa = PBXBuildFile; fileRef = 1F6816C22607EAED006D3C8A /* SuppliersController.swift */; };
		1F85A5462603E9AA00307245 /* SignupPresenterProtocol.swift in Sources */ = {isa = PBXBuildFile; fileRef = 1F85A5452603E9AA00307245 /* SignupPresenterProtocol.swift */; };
		1F85A54B2603EA5000307245 /* MockSignupPresenter.swift in Sources */ = {isa = PBXBuildFile; fileRef = 1F85A54A2603EA5000307245 /* MockSignupPresenter.swift */; };
		1F85A5532604AFA700307245 /* SignupError.swift in Sources */ = {isa = PBXBuildFile; fileRef = 1F85A5522604AFA700307245 /* SignupError.swift */; };
		1F9599AF2607505B00C02B2C /* MockMainTabWebService.swift in Sources */ = {isa = PBXBuildFile; fileRef = 1F9599AE2607505B00C02B2C /* MockMainTabWebService.swift */; };
		1F9599B42607512D00C02B2C /* MainTabWebServiceProtocol.swift in Sources */ = {isa = PBXBuildFile; fileRef = 1F9599B32607512D00C02B2C /* MainTabWebServiceProtocol.swift */; };
		1F9599B926075C6400C02B2C /* MockMainTabViewDelegate.swift in Sources */ = {isa = PBXBuildFile; fileRef = 1F9599B826075C6400C02B2C /* MockMainTabViewDelegate.swift */; };
		1F9599BE26075D2000C02B2C /* MainTabViewDelegateProtocol.swift in Sources */ = {isa = PBXBuildFile; fileRef = 1F9599BD26075D2000C02B2C /* MainTabViewDelegateProtocol.swift */; };
		1F9599D52607DF8800C02B2C /* MainTabBarController.swift in Sources */ = {isa = PBXBuildFile; fileRef = 1F9599D42607DF8800C02B2C /* MainTabBarController.swift */; };
		1F9599E02607E03700C02B2C /* MainTabBarControllerTests.swift in Sources */ = {isa = PBXBuildFile; fileRef = 1F9599DF2607E03700C02B2C /* MainTabBarControllerTests.swift */; };
		1FCECF412601387300C06370 /* AppDelegate.swift in Sources */ = {isa = PBXBuildFile; fileRef = 1FCECF402601387300C06370 /* AppDelegate.swift */; };
		1FCECF432601387300C06370 /* SceneDelegate.swift in Sources */ = {isa = PBXBuildFile; fileRef = 1FCECF422601387300C06370 /* SceneDelegate.swift */; };
		1FCECF4A2601387600C06370 /* Assets.xcassets in Resources */ = {isa = PBXBuildFile; fileRef = 1FCECF492601387600C06370 /* Assets.xcassets */; };
		1FCECF4D2601387600C06370 /* LaunchScreen.storyboard in Resources */ = {isa = PBXBuildFile; fileRef = 1FCECF4B2601387600C06370 /* LaunchScreen.storyboard */; };
		1FCECF6C26013E4D00C06370 /* MiFaenaUITests.swift in Sources */ = {isa = PBXBuildFile; fileRef = 1FCECF6B26013E4D00C06370 /* MiFaenaUITests.swift */; };
		1FCECF7A2601403E00C06370 /* GoogleService-Info.plist in Resources */ = {isa = PBXBuildFile; fileRef = 1FCECF792601403E00C06370 /* GoogleService-Info.plist */; };
		1FE280802604DFF800005970 /* SigninFormModelValidatorTests.swift in Sources */ = {isa = PBXBuildFile; fileRef = 1FE2807F2604DFF800005970 /* SigninFormModelValidatorTests.swift */; };
		1FE2808A2604E11500005970 /* SigninFormModelValidator.swift in Sources */ = {isa = PBXBuildFile; fileRef = 1FE280892604E11400005970 /* SigninFormModelValidator.swift */; };
		1FE280902604E50D00005970 /* SigninFormModelValidatorProtocol.swift in Sources */ = {isa = PBXBuildFile; fileRef = 1FE2808F2604E50D00005970 /* SigninFormModelValidatorProtocol.swift */; };
		1FE280952604EE9D00005970 /* MockSigninModelValidator.swift in Sources */ = {isa = PBXBuildFile; fileRef = 1FE280942604EE9D00005970 /* MockSigninModelValidator.swift */; };
		1FE2809A2604F0B200005970 /* SigninWebServiceTests.swift in Sources */ = {isa = PBXBuildFile; fileRef = 1FE280992604F0B200005970 /* SigninWebServiceTests.swift */; };
		1FE280A02604F17200005970 /* SigninWebService.swift in Sources */ = {isa = PBXBuildFile; fileRef = 1FE2809F2604F17200005970 /* SigninWebService.swift */; };
		1FE280A52604F24A00005970 /* SigninFormModel.swift in Sources */ = {isa = PBXBuildFile; fileRef = 1FE280A42604F24A00005970 /* SigninFormModel.swift */; };
		1FE280AA2604F60F00005970 /* SigninError.swift in Sources */ = {isa = PBXBuildFile; fileRef = 1FE280A92604F60F00005970 /* SigninError.swift */; };
		1FE280B22605065000005970 /* SigninPresenterTests.swift in Sources */ = {isa = PBXBuildFile; fileRef = 1FE280B12605065000005970 /* SigninPresenterTests.swift */; };
		1FE280B8260507D800005970 /* SigninPresenter.swift in Sources */ = {isa = PBXBuildFile; fileRef = 1FE280B7260507D800005970 /* SigninPresenter.swift */; };
		1FE280BD2605169E00005970 /* MockSigninWebService.swift in Sources */ = {isa = PBXBuildFile; fileRef = 1FE280BC2605169E00005970 /* MockSigninWebService.swift */; };
		1FE280C2260517F000005970 /* SigninWebServiceProtocol.swift in Sources */ = {isa = PBXBuildFile; fileRef = 1FE280C1260517F000005970 /* SigninWebServiceProtocol.swift */; };
		1FE280C726051E9100005970 /* MockSigninViewDelegate.swift in Sources */ = {isa = PBXBuildFile; fileRef = 1FE280C626051E9100005970 /* MockSigninViewDelegate.swift */; };
		1FE280CC26051F9900005970 /* SigninViewDelegateProtocol.swift in Sources */ = {isa = PBXBuildFile; fileRef = 1FE280CB26051F9900005970 /* SigninViewDelegateProtocol.swift */; };
		1FE280D22605273900005970 /* SigninViewController.swift in Sources */ = {isa = PBXBuildFile; fileRef = 1FE280D12605273900005970 /* SigninViewController.swift */; };
		1FE280DA2605321A00005970 /* SigninViewControllerTests.swift in Sources */ = {isa = PBXBuildFile; fileRef = 1FE280D92605321A00005970 /* SigninViewControllerTests.swift */; };
		1FE280E72605396600005970 /* MockSigninPresenter.swift in Sources */ = {isa = PBXBuildFile; fileRef = 1FE280E62605396600005970 /* MockSigninPresenter.swift */; };
		1FE280EC260539F600005970 /* SigninPresenterProtocol.swift in Sources */ = {isa = PBXBuildFile; fileRef = 1FE280EB260539F600005970 /* SigninPresenterProtocol.swift */; };
		1FEA60992602151D00654538 /* SignupWebService.swift in Sources */ = {isa = PBXBuildFile; fileRef = 1FEA60982602151D00654538 /* SignupWebService.swift */; };
		1FEA609E2602191B00654538 /* SignupFormModel.swift in Sources */ = {isa = PBXBuildFile; fileRef = 1FEA609D2602191B00654538 /* SignupFormModel.swift */; };
		1FED604E260A63CF0053B489 /* MockDatabaseReference.swift in Sources */ = {isa = PBXBuildFile; fileRef = 1FED604D260A63CF0053B489 /* MockDatabaseReference.swift */; };
		1FED6053260A64580053B489 /* MockSnapshot.swift in Sources */ = {isa = PBXBuildFile; fileRef = 1FED6052260A64580053B489 /* MockSnapshot.swift */; };
		1FF1F9342607F4520010291B /* MockMainTabBarControllerPresenter.swift in Sources */ = {isa = PBXBuildFile; fileRef = 1FF1F9332607F4520010291B /* MockMainTabBarControllerPresenter.swift */; };
		1FF1F9392607F6850010291B /* MainTabBarControllerPresenterProtocol.swift in Sources */ = {isa = PBXBuildFile; fileRef = 1FF1F9382607F6850010291B /* MainTabBarControllerPresenterProtocol.swift */; };
		A05E7A46EDA79DE6BD20AAAE /* Pods_MiFaena.framework in Frameworks */ = {isa = PBXBuildFile; fileRef = 73C54B13E86D08378DD70627 /* Pods_MiFaena.framework */; };
		A4BB92E63B22A8EB47FD6F20 /* Pods_MiFaenaTests.framework in Frameworks */ = {isa = PBXBuildFile; fileRef = 48B23FAAA5B1F66C2766C297 /* Pods_MiFaenaTests.framework */; };
		B465AD0F2B0453217DDC9DA6 /* Pods_MiFaenaUITests.framework in Frameworks */ = {isa = PBXBuildFile; fileRef = 7A331225C9D1D767689299D1 /* Pods_MiFaenaUITests.framework */; };
/* End PBXBuildFile section */

/* Begin PBXContainerItemProxy section */
		1FCECF5E26013E4300C06370 /* PBXContainerItemProxy */ = {
			isa = PBXContainerItemProxy;
			containerPortal = 1FCECF352601387300C06370 /* Project object */;
			proxyType = 1;
			remoteGlobalIDString = 1FCECF3C2601387300C06370;
			remoteInfo = MiFaena;
		};
		1FCECF6E26013E4D00C06370 /* PBXContainerItemProxy */ = {
			isa = PBXContainerItemProxy;
			containerPortal = 1FCECF352601387300C06370 /* Project object */;
			proxyType = 1;
			remoteGlobalIDString = 1FCECF3C2601387300C06370;
			remoteInfo = MiFaena;
		};
/* End PBXContainerItemProxy section */

/* Begin PBXFileReference section */
		1006DDE0CFDCED27C834F3BF /* Pods-MiFaenaTests.release.xcconfig */ = {isa = PBXFileReference; includeInIndex = 1; lastKnownFileType = text.xcconfig; name = "Pods-MiFaenaTests.release.xcconfig"; path = "Target Support Files/Pods-MiFaenaTests/Pods-MiFaenaTests.release.xcconfig"; sourceTree = "<group>"; };
		1F2C097826073B41000E690E /* MainTabValidatorTests.swift */ = {isa = PBXFileReference; lastKnownFileType = sourcecode.swift; path = MainTabValidatorTests.swift; sourceTree = "<group>"; };
		1F2C097D26073BAB000E690E /* MainTabValidator.swift */ = {isa = PBXFileReference; lastKnownFileType = sourcecode.swift; path = MainTabValidator.swift; sourceTree = "<group>"; };
		1F2C09822607434E000E690E /* MainTabPresenterTests.swift */ = {isa = PBXFileReference; lastKnownFileType = sourcecode.swift; path = MainTabPresenterTests.swift; sourceTree = "<group>"; };
		1F2C098A2607465C000E690E /* MockMainTabValidator.swift */ = {isa = PBXFileReference; lastKnownFileType = sourcecode.swift; path = MockMainTabValidator.swift; sourceTree = "<group>"; };
		1F2C09922607492B000E690E /* MainTabValidatorProtocol.swift */ = {isa = PBXFileReference; lastKnownFileType = sourcecode.swift; path = MainTabValidatorProtocol.swift; sourceTree = "<group>"; };
		1F3D97582606208700D65153 /* MainTabWebServiceTests.swift */ = {isa = PBXFileReference; lastKnownFileType = sourcecode.swift; path = MainTabWebServiceTests.swift; sourceTree = "<group>"; };
		1F3D97632606216400D65153 /* MainTabWebService.swift */ = {isa = PBXFileReference; lastKnownFileType = sourcecode.swift; path = MainTabWebService.swift; sourceTree = "<group>"; };
		1F3D9769260623BD00D65153 /* User.swift */ = {isa = PBXFileReference; lastKnownFileType = sourcecode.swift; path = User.swift; sourceTree = "<group>"; };
		1F3D976F260631A400D65153 /* MainTabPresenter.swift */ = {isa = PBXFileReference; lastKnownFileType = sourcecode.swift; path = MainTabPresenter.swift; sourceTree = "<group>"; };
		1F45443E2603B0B800CD05D7 /* SignupViewController.swift */ = {isa = PBXFileReference; lastKnownFileType = sourcecode.swift; path = SignupViewController.swift; sourceTree = "<group>"; };
		1F4F88A4260810B10069E478 /* SuppliersInvoiceController.swift */ = {isa = PBXFileReference; lastKnownFileType = sourcecode.swift; path = SuppliersInvoiceController.swift; sourceTree = "<group>"; };
		1F4F88B72608C27E0069E478 /* SuppliersInvoiceSummariesWebServiceTests.swift */ = {isa = PBXFileReference; lastKnownFileType = sourcecode.swift; path = SuppliersInvoiceSummariesWebServiceTests.swift; sourceTree = "<group>"; };
		1F52D69B260B3C25008A4A9F /* InvoiceSummaryCell.swift */ = {isa = PBXFileReference; lastKnownFileType = sourcecode.swift; path = InvoiceSummaryCell.swift; sourceTree = "<group>"; };
		1F54F7B7260361A1005DC60D /* MockSignupViewDelegate.swift */ = {isa = PBXFileReference; lastKnownFileType = sourcecode.swift; path = MockSignupViewDelegate.swift; sourceTree = "<group>"; };
		1F54F7C026036359005DC60D /* SignupViewDelegateProtocol.swift */ = {isa = PBXFileReference; lastKnownFileType = sourcecode.swift; path = SignupViewDelegateProtocol.swift; sourceTree = "<group>"; };
		1F54F7C9260395CE005DC60D /* ActivityIndicator.swift */ = {isa = PBXFileReference; fileEncoding = 4; lastKnownFileType = sourcecode.swift; path = ActivityIndicator.swift; sourceTree = "<group>"; };
		1F54F7CA260395CE005DC60D /* Extensions.swift */ = {isa = PBXFileReference; fileEncoding = 4; lastKnownFileType = sourcecode.swift; path = Extensions.swift; sourceTree = "<group>"; };
		1F54F7D02603961C005DC60D /* Utils.swift */ = {isa = PBXFileReference; lastKnownFileType = sourcecode.swift; path = Utils.swift; sourceTree = "<group>"; };
		1F54F7D62603AE62005DC60D /* SignupViewControllerTests.swift */ = {isa = PBXFileReference; lastKnownFileType = sourcecode.swift; path = SignupViewControllerTests.swift; sourceTree = "<group>"; };
		1F5A822C2608C5D400D90522 /* SuppliersInvoiceSummariesWebService.swift */ = {isa = PBXFileReference; lastKnownFileType = sourcecode.swift; path = SuppliersInvoiceSummariesWebService.swift; sourceTree = "<group>"; };
		1F5A82322608C6E200D90522 /* SuppliersInvSummaries.swift */ = {isa = PBXFileReference; lastKnownFileType = sourcecode.swift; path = SuppliersInvSummaries.swift; sourceTree = "<group>"; };
		1F5A823E2608F42E00D90522 /* SuppliersInvoiceSummariesPresenterTests.swift */ = {isa = PBXFileReference; lastKnownFileType = sourcecode.swift; path = SuppliersInvoiceSummariesPresenterTests.swift; sourceTree = "<group>"; };
		1F5A824A2608F5DE00D90522 /* SuppliersInvoiceSummiersPresenter.swift */ = {isa = PBXFileReference; lastKnownFileType = sourcecode.swift; path = SuppliersInvoiceSummiersPresenter.swift; sourceTree = "<group>"; };
		1F5A82532608F6AA00D90522 /* MockSuppliersInvoiceSummariesWebService.swift */ = {isa = PBXFileReference; lastKnownFileType = sourcecode.swift; path = MockSuppliersInvoiceSummariesWebService.swift; sourceTree = "<group>"; };
		1F5A825C2608F6E600D90522 /* SuppliersInvoiceSummariesWebServiceProtocol.swift */ = {isa = PBXFileReference; lastKnownFileType = sourcecode.swift; path = SuppliersInvoiceSummariesWebServiceProtocol.swift; sourceTree = "<group>"; };
		1F5A82622608FD2300D90522 /* MockSuppliersInvoiceSummeriesViewDelegate.swift */ = {isa = PBXFileReference; lastKnownFileType = sourcecode.swift; path = MockSuppliersInvoiceSummeriesViewDelegate.swift; sourceTree = "<group>"; };
		1F5A826D2608FD8700D90522 /* SuppliersInvoiceSummariesViewDelegateProtocol.swift */ = {isa = PBXFileReference; lastKnownFileType = sourcecode.swift; path = SuppliersInvoiceSummariesViewDelegateProtocol.swift; sourceTree = "<group>"; };
		1F5A8273260910AC00D90522 /* SuppliersControllerTests.swift */ = {isa = PBXFileReference; lastKnownFileType = sourcecode.swift; path = SuppliersControllerTests.swift; sourceTree = "<group>"; };
		1F5A827B26091B0E00D90522 /* MockSupplierInvoiceSummariesPresenter.swift */ = {isa = PBXFileReference; lastKnownFileType = sourcecode.swift; path = MockSupplierInvoiceSummariesPresenter.swift; sourceTree = "<group>"; };
		1F5A828026091B6600D90522 /* SupplierInvoiceSummariesPresenterProtocol.swift */ = {isa = PBXFileReference; lastKnownFileType = sourcecode.swift; path = SupplierInvoiceSummariesPresenterProtocol.swift; sourceTree = "<group>"; };
		1F6786852602489A00662A18 /* MockSignupWebService.swift */ = {isa = PBXFileReference; lastKnownFileType = sourcecode.swift; path = MockSignupWebService.swift; sourceTree = "<group>"; };
		1F67868A260248ED00662A18 /* SignupWebServiceProtocol.swift */ = {isa = PBXFileReference; lastKnownFileType = sourcecode.swift; path = SignupWebServiceProtocol.swift; sourceTree = "<group>"; };
		1F6786B526028D9600662A18 /* GlobalConstants.swift */ = {isa = PBXFileReference; lastKnownFileType = sourcecode.swift; path = GlobalConstants.swift; sourceTree = "<group>"; };
		1F6786BA260290EC00662A18 /* SignupPresenterTests.swift */ = {isa = PBXFileReference; lastKnownFileType = sourcecode.swift; path = SignupPresenterTests.swift; sourceTree = "<group>"; };
		1F6786C0260292AA00662A18 /* SignupPresenter.swift */ = {isa = PBXFileReference; lastKnownFileType = sourcecode.swift; path = SignupPresenter.swift; sourceTree = "<group>"; };
		1F6786C52602947800662A18 /* MockSignupModelValidator.swift */ = {isa = PBXFileReference; lastKnownFileType = sourcecode.swift; path = MockSignupModelValidator.swift; sourceTree = "<group>"; };
		1F6786CA260298B200662A18 /* SignupFormModelValidator.swift */ = {isa = PBXFileReference; lastKnownFileType = sourcecode.swift; path = SignupFormModelValidator.swift; sourceTree = "<group>"; };
		1F6786CF260298E800662A18 /* SignupModelValidatorProtocol.swift */ = {isa = PBXFileReference; lastKnownFileType = sourcecode.swift; path = SignupModelValidatorProtocol.swift; sourceTree = "<group>"; };
		1F6816AB2607EAB8006D3C8A /* MiscellaneousController.swift */ = {isa = PBXFileReference; lastKnownFileType = sourcecode.swift; path = MiscellaneousController.swift; sourceTree = "<group>"; };
		1F6816B32607EAC5006D3C8A /* ResultsController.swift */ = {isa = PBXFileReference; lastKnownFileType = sourcecode.swift; path = ResultsController.swift; sourceTree = "<group>"; };
		1F6816B82607EAD0006D3C8A /* ProductionController.swift */ = {isa = PBXFileReference; lastKnownFileType = sourcecode.swift; path = ProductionController.swift; sourceTree = "<group>"; };
		1F6816BD2607EADC006D3C8A /* CustomersController.swift */ = {isa = PBXFileReference; lastKnownFileType = sourcecode.swift; path = CustomersController.swift; sourceTree = "<group>"; };
		1F6816C22607EAED006D3C8A /* SuppliersController.swift */ = {isa = PBXFileReference; lastKnownFileType = sourcecode.swift; path = SuppliersController.swift; sourceTree = "<group>"; };
		1F85A5452603E9AA00307245 /* SignupPresenterProtocol.swift */ = {isa = PBXFileReference; lastKnownFileType = sourcecode.swift; path = SignupPresenterProtocol.swift; sourceTree = "<group>"; };
		1F85A54A2603EA5000307245 /* MockSignupPresenter.swift */ = {isa = PBXFileReference; lastKnownFileType = sourcecode.swift; path = MockSignupPresenter.swift; sourceTree = "<group>"; };
		1F85A5522604AFA700307245 /* SignupError.swift */ = {isa = PBXFileReference; lastKnownFileType = sourcecode.swift; path = SignupError.swift; sourceTree = "<group>"; };
		1F9599AE2607505B00C02B2C /* MockMainTabWebService.swift */ = {isa = PBXFileReference; lastKnownFileType = sourcecode.swift; path = MockMainTabWebService.swift; sourceTree = "<group>"; };
		1F9599B32607512D00C02B2C /* MainTabWebServiceProtocol.swift */ = {isa = PBXFileReference; lastKnownFileType = sourcecode.swift; path = MainTabWebServiceProtocol.swift; sourceTree = "<group>"; };
		1F9599B826075C6400C02B2C /* MockMainTabViewDelegate.swift */ = {isa = PBXFileReference; lastKnownFileType = sourcecode.swift; path = MockMainTabViewDelegate.swift; sourceTree = "<group>"; };
		1F9599BD26075D2000C02B2C /* MainTabViewDelegateProtocol.swift */ = {isa = PBXFileReference; lastKnownFileType = sourcecode.swift; path = MainTabViewDelegateProtocol.swift; sourceTree = "<group>"; };
		1F9599D42607DF8800C02B2C /* MainTabBarController.swift */ = {isa = PBXFileReference; lastKnownFileType = sourcecode.swift; path = MainTabBarController.swift; sourceTree = "<group>"; };
		1F9599DF2607E03700C02B2C /* MainTabBarControllerTests.swift */ = {isa = PBXFileReference; lastKnownFileType = sourcecode.swift; path = MainTabBarControllerTests.swift; sourceTree = "<group>"; };
		1FCECF3D2601387300C06370 /* MiFaena.app */ = {isa = PBXFileReference; explicitFileType = wrapper.application; includeInIndex = 0; path = MiFaena.app; sourceTree = BUILT_PRODUCTS_DIR; };
		1FCECF402601387300C06370 /* AppDelegate.swift */ = {isa = PBXFileReference; lastKnownFileType = sourcecode.swift; path = AppDelegate.swift; sourceTree = "<group>"; };
		1FCECF422601387300C06370 /* SceneDelegate.swift */ = {isa = PBXFileReference; lastKnownFileType = sourcecode.swift; path = SceneDelegate.swift; sourceTree = "<group>"; };
		1FCECF492601387600C06370 /* Assets.xcassets */ = {isa = PBXFileReference; lastKnownFileType = folder.assetcatalog; path = Assets.xcassets; sourceTree = "<group>"; };
		1FCECF4C2601387600C06370 /* Base */ = {isa = PBXFileReference; lastKnownFileType = file.storyboard; name = Base; path = Base.lproj/LaunchScreen.storyboard; sourceTree = "<group>"; };
		1FCECF4E2601387600C06370 /* Info.plist */ = {isa = PBXFileReference; lastKnownFileType = text.plist.xml; path = Info.plist; sourceTree = "<group>"; };
		1FCECF5926013E4300C06370 /* MiFaenaTests.xctest */ = {isa = PBXFileReference; explicitFileType = wrapper.cfbundle; includeInIndex = 0; path = MiFaenaTests.xctest; sourceTree = BUILT_PRODUCTS_DIR; };
		1FCECF5D26013E4300C06370 /* Info.plist */ = {isa = PBXFileReference; lastKnownFileType = text.plist.xml; path = Info.plist; sourceTree = "<group>"; };
		1FCECF6926013E4D00C06370 /* MiFaenaUITests.xctest */ = {isa = PBXFileReference; explicitFileType = wrapper.cfbundle; includeInIndex = 0; path = MiFaenaUITests.xctest; sourceTree = BUILT_PRODUCTS_DIR; };
		1FCECF6B26013E4D00C06370 /* MiFaenaUITests.swift */ = {isa = PBXFileReference; lastKnownFileType = sourcecode.swift; path = MiFaenaUITests.swift; sourceTree = "<group>"; };
		1FCECF6D26013E4D00C06370 /* Info.plist */ = {isa = PBXFileReference; lastKnownFileType = text.plist.xml; path = Info.plist; sourceTree = "<group>"; };
		1FCECF792601403E00C06370 /* GoogleService-Info.plist */ = {isa = PBXFileReference; fileEncoding = 4; lastKnownFileType = text.plist.xml; path = "GoogleService-Info.plist"; sourceTree = "<group>"; };
		1FE2807F2604DFF800005970 /* SigninFormModelValidatorTests.swift */ = {isa = PBXFileReference; lastKnownFileType = sourcecode.swift; path = SigninFormModelValidatorTests.swift; sourceTree = "<group>"; };
		1FE280892604E11400005970 /* SigninFormModelValidator.swift */ = {isa = PBXFileReference; lastKnownFileType = sourcecode.swift; path = SigninFormModelValidator.swift; sourceTree = "<group>"; };
		1FE2808F2604E50D00005970 /* SigninFormModelValidatorProtocol.swift */ = {isa = PBXFileReference; lastKnownFileType = sourcecode.swift; path = SigninFormModelValidatorProtocol.swift; sourceTree = "<group>"; };
		1FE280942604EE9D00005970 /* MockSigninModelValidator.swift */ = {isa = PBXFileReference; lastKnownFileType = sourcecode.swift; path = MockSigninModelValidator.swift; sourceTree = "<group>"; };
		1FE280992604F0B200005970 /* SigninWebServiceTests.swift */ = {isa = PBXFileReference; lastKnownFileType = sourcecode.swift; path = SigninWebServiceTests.swift; sourceTree = "<group>"; };
		1FE2809F2604F17200005970 /* SigninWebService.swift */ = {isa = PBXFileReference; lastKnownFileType = sourcecode.swift; path = SigninWebService.swift; sourceTree = "<group>"; };
		1FE280A42604F24A00005970 /* SigninFormModel.swift */ = {isa = PBXFileReference; lastKnownFileType = sourcecode.swift; path = SigninFormModel.swift; sourceTree = "<group>"; };
		1FE280A92604F60F00005970 /* SigninError.swift */ = {isa = PBXFileReference; lastKnownFileType = sourcecode.swift; path = SigninError.swift; sourceTree = "<group>"; };
		1FE280B12605065000005970 /* SigninPresenterTests.swift */ = {isa = PBXFileReference; lastKnownFileType = sourcecode.swift; path = SigninPresenterTests.swift; sourceTree = "<group>"; };
		1FE280B7260507D800005970 /* SigninPresenter.swift */ = {isa = PBXFileReference; lastKnownFileType = sourcecode.swift; path = SigninPresenter.swift; sourceTree = "<group>"; };
		1FE280BC2605169E00005970 /* MockSigninWebService.swift */ = {isa = PBXFileReference; lastKnownFileType = sourcecode.swift; path = MockSigninWebService.swift; sourceTree = "<group>"; };
		1FE280C1260517F000005970 /* SigninWebServiceProtocol.swift */ = {isa = PBXFileReference; lastKnownFileType = sourcecode.swift; path = SigninWebServiceProtocol.swift; sourceTree = "<group>"; };
		1FE280C626051E9100005970 /* MockSigninViewDelegate.swift */ = {isa = PBXFileReference; lastKnownFileType = sourcecode.swift; path = MockSigninViewDelegate.swift; sourceTree = "<group>"; };
		1FE280CB26051F9900005970 /* SigninViewDelegateProtocol.swift */ = {isa = PBXFileReference; lastKnownFileType = sourcecode.swift; path = SigninViewDelegateProtocol.swift; sourceTree = "<group>"; };
		1FE280D12605273900005970 /* SigninViewController.swift */ = {isa = PBXFileReference; lastKnownFileType = sourcecode.swift; path = SigninViewController.swift; sourceTree = "<group>"; };
		1FE280D92605321A00005970 /* SigninViewControllerTests.swift */ = {isa = PBXFileReference; lastKnownFileType = sourcecode.swift; path = SigninViewControllerTests.swift; sourceTree = "<group>"; };
		1FE280E62605396600005970 /* MockSigninPresenter.swift */ = {isa = PBXFileReference; lastKnownFileType = sourcecode.swift; path = MockSigninPresenter.swift; sourceTree = "<group>"; };
		1FE280EB260539F600005970 /* SigninPresenterProtocol.swift */ = {isa = PBXFileReference; lastKnownFileType = sourcecode.swift; path = SigninPresenterProtocol.swift; sourceTree = "<group>"; };
		1FEA60982602151D00654538 /* SignupWebService.swift */ = {isa = PBXFileReference; lastKnownFileType = sourcecode.swift; path = SignupWebService.swift; sourceTree = "<group>"; };
		1FEA609D2602191B00654538 /* SignupFormModel.swift */ = {isa = PBXFileReference; lastKnownFileType = sourcecode.swift; path = SignupFormModel.swift; sourceTree = "<group>"; };
		1FED604D260A63CF0053B489 /* MockDatabaseReference.swift */ = {isa = PBXFileReference; lastKnownFileType = sourcecode.swift; path = MockDatabaseReference.swift; sourceTree = "<group>"; };
		1FED6052260A64580053B489 /* MockSnapshot.swift */ = {isa = PBXFileReference; lastKnownFileType = sourcecode.swift; path = MockSnapshot.swift; sourceTree = "<group>"; };
		1FF1F9332607F4520010291B /* MockMainTabBarControllerPresenter.swift */ = {isa = PBXFileReference; lastKnownFileType = sourcecode.swift; path = MockMainTabBarControllerPresenter.swift; sourceTree = "<group>"; };
		1FF1F9382607F6850010291B /* MainTabBarControllerPresenterProtocol.swift */ = {isa = PBXFileReference; lastKnownFileType = sourcecode.swift; path = MainTabBarControllerPresenterProtocol.swift; sourceTree = "<group>"; };
		260C27259012D7A7C73EBC8E /* Pods-MiFaena.debug.xcconfig */ = {isa = PBXFileReference; includeInIndex = 1; lastKnownFileType = text.xcconfig; name = "Pods-MiFaena.debug.xcconfig"; path = "Target Support Files/Pods-MiFaena/Pods-MiFaena.debug.xcconfig"; sourceTree = "<group>"; };
		3C4D2633842138DF64F2B3CE /* Pods-MiFaenaUITests.debug.xcconfig */ = {isa = PBXFileReference; includeInIndex = 1; lastKnownFileType = text.xcconfig; name = "Pods-MiFaenaUITests.debug.xcconfig"; path = "Target Support Files/Pods-MiFaenaUITests/Pods-MiFaenaUITests.debug.xcconfig"; sourceTree = "<group>"; };
		48B23FAAA5B1F66C2766C297 /* Pods_MiFaenaTests.framework */ = {isa = PBXFileReference; explicitFileType = wrapper.framework; includeInIndex = 0; path = Pods_MiFaenaTests.framework; sourceTree = BUILT_PRODUCTS_DIR; };
		5C33EDFF60BB4BEA2820CC0D /* Pods-MiFaenaUITests.release.xcconfig */ = {isa = PBXFileReference; includeInIndex = 1; lastKnownFileType = text.xcconfig; name = "Pods-MiFaenaUITests.release.xcconfig"; path = "Target Support Files/Pods-MiFaenaUITests/Pods-MiFaenaUITests.release.xcconfig"; sourceTree = "<group>"; };
		5E34F28D1CAAD2E062CAE8C8 /* Pods-MiFaena.release.xcconfig */ = {isa = PBXFileReference; includeInIndex = 1; lastKnownFileType = text.xcconfig; name = "Pods-MiFaena.release.xcconfig"; path = "Target Support Files/Pods-MiFaena/Pods-MiFaena.release.xcconfig"; sourceTree = "<group>"; };
		73C54B13E86D08378DD70627 /* Pods_MiFaena.framework */ = {isa = PBXFileReference; explicitFileType = wrapper.framework; includeInIndex = 0; path = Pods_MiFaena.framework; sourceTree = BUILT_PRODUCTS_DIR; };
		7A331225C9D1D767689299D1 /* Pods_MiFaenaUITests.framework */ = {isa = PBXFileReference; explicitFileType = wrapper.framework; includeInIndex = 0; path = Pods_MiFaenaUITests.framework; sourceTree = BUILT_PRODUCTS_DIR; };
		C36AF8EE4F35D1FC62B5B51D /* Pods-MiFaenaTests.debug.xcconfig */ = {isa = PBXFileReference; includeInIndex = 1; lastKnownFileType = text.xcconfig; name = "Pods-MiFaenaTests.debug.xcconfig"; path = "Target Support Files/Pods-MiFaenaTests/Pods-MiFaenaTests.debug.xcconfig"; sourceTree = "<group>"; };
/* End PBXFileReference section */

/* Begin PBXFrameworksBuildPhase section */
		1FCECF3A2601387300C06370 /* Frameworks */ = {
			isa = PBXFrameworksBuildPhase;
			buildActionMask = 2147483647;
			files = (
				A05E7A46EDA79DE6BD20AAAE /* Pods_MiFaena.framework in Frameworks */,
			);
			runOnlyForDeploymentPostprocessing = 0;
		};
		1FCECF5626013E4300C06370 /* Frameworks */ = {
			isa = PBXFrameworksBuildPhase;
			buildActionMask = 2147483647;
			files = (
				A4BB92E63B22A8EB47FD6F20 /* Pods_MiFaenaTests.framework in Frameworks */,
			);
			runOnlyForDeploymentPostprocessing = 0;
		};
		1FCECF6626013E4D00C06370 /* Frameworks */ = {
			isa = PBXFrameworksBuildPhase;
			buildActionMask = 2147483647;
			files = (
				B465AD0F2B0453217DDC9DA6 /* Pods_MiFaenaUITests.framework in Frameworks */,
			);
			runOnlyForDeploymentPostprocessing = 0;
		};
/* End PBXFrameworksBuildPhase section */

/* Begin PBXGroup section */
		1F3D973E2605F6B900D65153 /* Main Tab */ = {
			isa = PBXGroup;
			children = (
				1F3D97432605F72200D65153 /* Network */,
				1F3D97422605F6DC00D65153 /* Mocks */,
				1F3D97412605F6D500D65153 /* Model */,
				1F3D97402605F6CE00D65153 /* Presenter */,
				1F3D973F2605F6C700D65153 /* Controller */,
			);
			path = "Main Tab";
			sourceTree = "<group>";
		};
		1F3D973F2605F6C700D65153 /* Controller */ = {
			isa = PBXGroup;
			children = (
				1F9599DF2607E03700C02B2C /* MainTabBarControllerTests.swift */,
			);
			path = Controller;
			sourceTree = "<group>";
		};
		1F3D97402605F6CE00D65153 /* Presenter */ = {
			isa = PBXGroup;
			children = (
				1F2C09822607434E000E690E /* MainTabPresenterTests.swift */,
			);
			path = Presenter;
			sourceTree = "<group>";
		};
		1F3D97412605F6D500D65153 /* Model */ = {
			isa = PBXGroup;
			children = (
				1F2C097826073B41000E690E /* MainTabValidatorTests.swift */,
			);
			path = Model;
			sourceTree = "<group>";
		};
		1F3D97422605F6DC00D65153 /* Mocks */ = {
			isa = PBXGroup;
			children = (
				1F2C098A2607465C000E690E /* MockMainTabValidator.swift */,
				1FF1F9332607F4520010291B /* MockMainTabBarControllerPresenter.swift */,
				1F9599AE2607505B00C02B2C /* MockMainTabWebService.swift */,
				1F9599B826075C6400C02B2C /* MockMainTabViewDelegate.swift */,
			);
			path = Mocks;
			sourceTree = "<group>";
		};
		1F3D97432605F72200D65153 /* Network */ = {
			isa = PBXGroup;
			children = (
				1F3D97582606208700D65153 /* MainTabWebServiceTests.swift */,
			);
			path = Network;
			sourceTree = "<group>";
		};
		1F3D97612606214300D65153 /* Main Tab */ = {
			isa = PBXGroup;
			children = (
				1F9599D32607DF6B00C02B2C /* Controller */,
				1F3D977F2606386800D65153 /* Protocol */,
				1F3D976E2606318400D65153 /* Presenters */,
				1F3D97682606237700D65153 /* Model */,
				1F3D97622606215000D65153 /* Network */,
			);
			path = "Main Tab";
			sourceTree = "<group>";
		};
		1F3D97622606215000D65153 /* Network */ = {
			isa = PBXGroup;
			children = (
				1F3D97632606216400D65153 /* MainTabWebService.swift */,
			);
			path = Network;
			sourceTree = "<group>";
		};
		1F3D97682606237700D65153 /* Model */ = {
			isa = PBXGroup;
			children = (
				1F3D9769260623BD00D65153 /* User.swift */,
				1F2C097D26073BAB000E690E /* MainTabValidator.swift */,
			);
			path = Model;
			sourceTree = "<group>";
		};
		1F3D976E2606318400D65153 /* Presenters */ = {
			isa = PBXGroup;
			children = (
				1F3D976F260631A400D65153 /* MainTabPresenter.swift */,
			);
			path = Presenters;
			sourceTree = "<group>";
		};
		1F3D977F2606386800D65153 /* Protocol */ = {
			isa = PBXGroup;
			children = (
				1F2C09922607492B000E690E /* MainTabValidatorProtocol.swift */,
				1FF1F9382607F6850010291B /* MainTabBarControllerPresenterProtocol.swift */,
				1F9599B32607512D00C02B2C /* MainTabWebServiceProtocol.swift */,
				1F9599BD26075D2000C02B2C /* MainTabViewDelegateProtocol.swift */,
			);
			path = Protocol;
			sourceTree = "<group>";
		};
		1F4F88A22608107A0069E478 /* SuppliersInvoiceController */ = {
			isa = PBXGroup;
			children = (
				1F4F88A3260810950069E478 /* Controller */,
			);
			path = SuppliersInvoiceController;
			sourceTree = "<group>";
		};
		1F4F88A3260810950069E478 /* Controller */ = {
			isa = PBXGroup;
			children = (
				1F4F88A4260810B10069E478 /* SuppliersInvoiceController.swift */,
			);
			path = Controller;
			sourceTree = "<group>";
		};
		1F4F88B52608BE180069E478 /* Suppliers Controller */ = {
			isa = PBXGroup;
			children = (
				1F5A82722609107C00D90522 /* Controller */,
				1F5A82522608F69200D90522 /* MockSuppliersInvoiceSummariesWebService */,
				1F5A823D2608F31900D90522 /* Presenter */,
				1F4F88B62608C1C60069E478 /* Network */,
			);
			path = "Suppliers Controller";
			sourceTree = "<group>";
		};
		1F4F88B62608C1C60069E478 /* Network */ = {
			isa = PBXGroup;
			children = (
				1F4F88B72608C27E0069E478 /* SuppliersInvoiceSummariesWebServiceTests.swift */,
			);
			path = Network;
			sourceTree = "<group>";
		};
		1F52D69A260B3BA2008A4A9F /* View */ = {
			isa = PBXGroup;
			children = (
				1F52D69B260B3C25008A4A9F /* InvoiceSummaryCell.swift */,
			);
			path = View;
			sourceTree = "<group>";
		};
		1F54F7B62603618D005DC60D /* Mocks */ = {
			isa = PBXGroup;
			children = (
				1F54F7B7260361A1005DC60D /* MockSignupViewDelegate.swift */,
				1FED6058260B29C40053B489 /* Firebase Mocks */,
				1F85A54A2603EA5000307245 /* MockSignupPresenter.swift */,
				1F6786C52602947800662A18 /* MockSignupModelValidator.swift */,
				1F6786852602489A00662A18 /* MockSignupWebService.swift */,
			);
			path = Mocks;
			sourceTree = "<group>";
		};
		1F54F7BF26036341005DC60D /* Protocols */ = {
			isa = PBXGroup;
			children = (
				1F54F7C026036359005DC60D /* SignupViewDelegateProtocol.swift */,
				1F6786CF260298E800662A18 /* SignupModelValidatorProtocol.swift */,
				1F85A5452603E9AA00307245 /* SignupPresenterProtocol.swift */,
			);
			path = Protocols;
			sourceTree = "<group>";
		};
		1F54F7C826039584005DC60D /* Utilities */ = {
			isa = PBXGroup;
			children = (
				1F6786B526028D9600662A18 /* GlobalConstants.swift */,
				1F54F7C9260395CE005DC60D /* ActivityIndicator.swift */,
				1F54F7D02603961C005DC60D /* Utils.swift */,
				1F54F7CA260395CE005DC60D /* Extensions.swift */,
			);
			path = Utilities;
			sourceTree = "<group>";
		};
		1F54F7D52603ADD0005DC60D /* Sign Up */ = {
			isa = PBXGroup;
			children = (
				1F54F7B62603618D005DC60D /* Mocks */,
				1FEA60AA260227A200654538 /* Models */,
				1F6786D426029AA600662A18 /* Presenters */,
				1FEA60AC260227D400654538 /* Controller */,
			);
			path = "Sign Up";
			sourceTree = "<group>";
		};
		1F5A822B2608C5BA00D90522 /* Network */ = {
			isa = PBXGroup;
			children = (
				1F5A822C2608C5D400D90522 /* SuppliersInvoiceSummariesWebService.swift */,
			);
			path = Network;
			sourceTree = "<group>";
		};
		1F5A82312608C6D100D90522 /* Model */ = {
			isa = PBXGroup;
			children = (
				1F5A82322608C6E200D90522 /* SuppliersInvSummaries.swift */,
			);
			path = Model;
			sourceTree = "<group>";
		};
		1F5A823D2608F31900D90522 /* Presenter */ = {
			isa = PBXGroup;
			children = (
				1F5A823E2608F42E00D90522 /* SuppliersInvoiceSummariesPresenterTests.swift */,
			);
			path = Presenter;
			sourceTree = "<group>";
		};
		1F5A82492608F5C600D90522 /* Presenter */ = {
			isa = PBXGroup;
			children = (
				1F5A824A2608F5DE00D90522 /* SuppliersInvoiceSummiersPresenter.swift */,
			);
			path = Presenter;
			sourceTree = "<group>";
		};
		1F5A82522608F69200D90522 /* MockSuppliersInvoiceSummariesWebService */ = {
			isa = PBXGroup;
			children = (
				1F5A82532608F6AA00D90522 /* MockSuppliersInvoiceSummariesWebService.swift */,
				1F5A82622608FD2300D90522 /* MockSuppliersInvoiceSummeriesViewDelegate.swift */,
				1F5A827B26091B0E00D90522 /* MockSupplierInvoiceSummariesPresenter.swift */,
				1FED6057260B29A80053B489 /* Firebase Mocks */,
			);
			path = MockSuppliersInvoiceSummariesWebService;
			sourceTree = "<group>";
		};
		1F5A825B2608F6D200D90522 /* Protocol */ = {
			isa = PBXGroup;
			children = (
				1F5A825C2608F6E600D90522 /* SuppliersInvoiceSummariesWebServiceProtocol.swift */,
				1F5A826D2608FD8700D90522 /* SuppliersInvoiceSummariesViewDelegateProtocol.swift */,
				1F5A828026091B6600D90522 /* SupplierInvoiceSummariesPresenterProtocol.swift */,
			);
			path = Protocol;
			sourceTree = "<group>";
		};
		1F5A82722609107C00D90522 /* Controller */ = {
			isa = PBXGroup;
			children = (
				1F5A8273260910AC00D90522 /* SuppliersControllerTests.swift */,
			);
			path = Controller;
			sourceTree = "<group>";
		};
		1F6786BF2602928E00662A18 /* Presenters */ = {
			isa = PBXGroup;
			children = (
				1F6786C0260292AA00662A18 /* SignupPresenter.swift */,
			);
			path = Presenters;
			sourceTree = "<group>";
		};
		1F6786D426029AA600662A18 /* Presenters */ = {
			isa = PBXGroup;
			children = (
				1F6786BA260290EC00662A18 /* SignupPresenterTests.swift */,
			);
			path = Presenters;
			sourceTree = "<group>";
		};
		1F6816A12607E98D006D3C8A /* SuppliersController */ = {
			isa = PBXGroup;
			children = (
				1F52D69A260B3BA2008A4A9F /* View */,
				1F5A825B2608F6D200D90522 /* Protocol */,
				1F5A82492608F5C600D90522 /* Presenter */,
				1F5A82312608C6D100D90522 /* Model */,
				1F5A822B2608C5BA00D90522 /* Network */,
				1F6816AA2607EA0D006D3C8A /* Controller */,
			);
			path = SuppliersController;
			sourceTree = "<group>";
		};
		1F6816A22607E997006D3C8A /* CustomersController */ = {
			isa = PBXGroup;
			children = (
				1F6816A92607EA07006D3C8A /* Controller */,
			);
			path = CustomersController;
			sourceTree = "<group>";
		};
		1F6816A32607E9BB006D3C8A /* ProductionController */ = {
			isa = PBXGroup;
			children = (
				1F6816A82607EA02006D3C8A /* Controller */,
			);
			path = ProductionController;
			sourceTree = "<group>";
		};
		1F6816A42607E9D1006D3C8A /* ResultsController */ = {
			isa = PBXGroup;
			children = (
				1F6816A72607E9FC006D3C8A /* Controller */,
			);
			path = ResultsController;
			sourceTree = "<group>";
		};
		1F6816A52607E9DC006D3C8A /* MiscellaneousController */ = {
			isa = PBXGroup;
			children = (
				1F6816A62607E9F4006D3C8A /* Controller */,
			);
			path = MiscellaneousController;
			sourceTree = "<group>";
		};
		1F6816A62607E9F4006D3C8A /* Controller */ = {
			isa = PBXGroup;
			children = (
				1F6816AB2607EAB8006D3C8A /* MiscellaneousController.swift */,
			);
			path = Controller;
			sourceTree = "<group>";
		};
		1F6816A72607E9FC006D3C8A /* Controller */ = {
			isa = PBXGroup;
			children = (
				1F6816B32607EAC5006D3C8A /* ResultsController.swift */,
			);
			path = Controller;
			sourceTree = "<group>";
		};
		1F6816A82607EA02006D3C8A /* Controller */ = {
			isa = PBXGroup;
			children = (
				1F6816B82607EAD0006D3C8A /* ProductionController.swift */,
			);
			path = Controller;
			sourceTree = "<group>";
		};
		1F6816A92607EA07006D3C8A /* Controller */ = {
			isa = PBXGroup;
			children = (
				1F6816BD2607EADC006D3C8A /* CustomersController.swift */,
			);
			path = Controller;
			sourceTree = "<group>";
		};
		1F6816AA2607EA0D006D3C8A /* Controller */ = {
			isa = PBXGroup;
			children = (
				1F6816C22607EAED006D3C8A /* SuppliersController.swift */,
			);
			path = Controller;
			sourceTree = "<group>";
		};
		1F9599D32607DF6B00C02B2C /* Controller */ = {
			isa = PBXGroup;
			children = (
				1F9599D42607DF8800C02B2C /* MainTabBarController.swift */,
			);
			path = Controller;
			sourceTree = "<group>";
		};
		1FC08B532604D7FE00631263 /* Sign In */ = {
			isa = PBXGroup;
			children = (
				1FC08B582604DBEC00631263 /* Controllers */,
				1FC08B572604DBE300631263 /* Network */,
				1FC08B562604DBDE00631263 /* Presenters */,
				1FC08B552604DBD700631263 /* Models */,
				1FC08B542604DBCA00631263 /* Mocks */,
			);
			path = "Sign In";
			sourceTree = "<group>";
		};
		1FC08B542604DBCA00631263 /* Mocks */ = {
			isa = PBXGroup;
			children = (
				1FE280942604EE9D00005970 /* MockSigninModelValidator.swift */,
				1FE280C626051E9100005970 /* MockSigninViewDelegate.swift */,
				1FE280BC2605169E00005970 /* MockSigninWebService.swift */,
				1FE280E62605396600005970 /* MockSigninPresenter.swift */,
			);
			path = Mocks;
			sourceTree = "<group>";
		};
		1FC08B552604DBD700631263 /* Models */ = {
			isa = PBXGroup;
			children = (
				1FE2807F2604DFF800005970 /* SigninFormModelValidatorTests.swift */,
			);
			path = Models;
			sourceTree = "<group>";
		};
		1FC08B562604DBDE00631263 /* Presenters */ = {
			isa = PBXGroup;
			children = (
				1FE280B12605065000005970 /* SigninPresenterTests.swift */,
			);
			path = Presenters;
			sourceTree = "<group>";
		};
		1FC08B572604DBE300631263 /* Network */ = {
			isa = PBXGroup;
			children = (
				1FE280992604F0B200005970 /* SigninWebServiceTests.swift */,
			);
			path = Network;
			sourceTree = "<group>";
		};
		1FC08B582604DBEC00631263 /* Controllers */ = {
			isa = PBXGroup;
			children = (
				1FE280D92605321A00005970 /* SigninViewControllerTests.swift */,
			);
			path = Controllers;
			sourceTree = "<group>";
		};
		1FCECF342601387300C06370 = {
			isa = PBXGroup;
			children = (
				1FCECF3F2601387300C06370 /* MiFaena */,
				1FCECF5A26013E4300C06370 /* MiFaenaTests */,
				1FCECF6A26013E4D00C06370 /* MiFaenaUITests */,
				1FCECF3E2601387300C06370 /* Products */,
				6090355FC17C9E80D2D85131 /* Pods */,
				BAFF3F16D65CAA7032BED800 /* Frameworks */,
			);
			sourceTree = "<group>";
		};
		1FCECF3E2601387300C06370 /* Products */ = {
			isa = PBXGroup;
			children = (
				1FCECF3D2601387300C06370 /* MiFaena.app */,
				1FCECF5926013E4300C06370 /* MiFaenaTests.xctest */,
				1FCECF6926013E4D00C06370 /* MiFaenaUITests.xctest */,
			);
			name = Products;
			sourceTree = "<group>";
		};
		1FCECF3F2601387300C06370 /* MiFaena */ = {
			isa = PBXGroup;
			children = (
				1FCECF402601387300C06370 /* AppDelegate.swift */,
				1FCECF422601387300C06370 /* SceneDelegate.swift */,
				1F4F88A22608107A0069E478 /* SuppliersInvoiceController */,
				1F6816A52607E9DC006D3C8A /* MiscellaneousController */,
				1F6816A42607E9D1006D3C8A /* ResultsController */,
				1F6816A32607E9BB006D3C8A /* ProductionController */,
				1F6816A22607E997006D3C8A /* CustomersController */,
				1F6816A12607E98D006D3C8A /* SuppliersController */,
				1F3D97612606214300D65153 /* Main Tab */,
				1FE280872604E0AE00005970 /* Signin */,
				1FEA60A526021F8900654538 /* Signup */,
				1F54F7C826039584005DC60D /* Utilities */,
				1FCECF492601387600C06370 /* Assets.xcassets */,
				1FCECF4B2601387600C06370 /* LaunchScreen.storyboard */,
				1FCECF792601403E00C06370 /* GoogleService-Info.plist */,
				1FCECF4E2601387600C06370 /* Info.plist */,
			);
			path = MiFaena;
			sourceTree = "<group>";
		};
		1FCECF5A26013E4300C06370 /* MiFaenaTests */ = {
			isa = PBXGroup;
			children = (
				1F4F88B52608BE180069E478 /* Suppliers Controller */,
				1F3D973E2605F6B900D65153 /* Main Tab */,
				1FC08B532604D7FE00631263 /* Sign In */,
				1F54F7D52603ADD0005DC60D /* Sign Up */,
				1FCECF5D26013E4300C06370 /* Info.plist */,
			);
			path = MiFaenaTests;
			sourceTree = "<group>";
		};
		1FCECF6A26013E4D00C06370 /* MiFaenaUITests */ = {
			isa = PBXGroup;
			children = (
				1FCECF6B26013E4D00C06370 /* MiFaenaUITests.swift */,
				1FCECF6D26013E4D00C06370 /* Info.plist */,
			);
			path = MiFaenaUITests;
			sourceTree = "<group>";
		};
		1FE280872604E0AE00005970 /* Signin */ = {
			isa = PBXGroup;
			children = (
				1FE280D02605271B00005970 /* Controllers */,
				1FE280B6260507BF00005970 /* Presenters */,
				1FE2809E2604F15C00005970 /* Network */,
				1FE2808E2604E4F200005970 /* Protocols */,
				1FE280882604E0D100005970 /* Models */,
			);
			path = Signin;
			sourceTree = "<group>";
		};
		1FE280882604E0D100005970 /* Models */ = {
			isa = PBXGroup;
			children = (
				1FE280892604E11400005970 /* SigninFormModelValidator.swift */,
				1FE280A92604F60F00005970 /* SigninError.swift */,
				1FE280A42604F24A00005970 /* SigninFormModel.swift */,
			);
			path = Models;
			sourceTree = "<group>";
		};
		1FE2808E2604E4F200005970 /* Protocols */ = {
			isa = PBXGroup;
			children = (
				1FE2808F2604E50D00005970 /* SigninFormModelValidatorProtocol.swift */,
				1FE280EB260539F600005970 /* SigninPresenterProtocol.swift */,
				1FE280CB26051F9900005970 /* SigninViewDelegateProtocol.swift */,
				1FE280C1260517F000005970 /* SigninWebServiceProtocol.swift */,
			);
			path = Protocols;
			sourceTree = "<group>";
		};
		1FE2809E2604F15C00005970 /* Network */ = {
			isa = PBXGroup;
			children = (
				1FE2809F2604F17200005970 /* SigninWebService.swift */,
			);
			path = Network;
			sourceTree = "<group>";
		};
		1FE280B6260507BF00005970 /* Presenters */ = {
			isa = PBXGroup;
			children = (
				1FE280B7260507D800005970 /* SigninPresenter.swift */,
			);
			path = Presenters;
			sourceTree = "<group>";
		};
		1FE280D02605271B00005970 /* Controllers */ = {
			isa = PBXGroup;
			children = (
				1FE280D12605273900005970 /* SigninViewController.swift */,
			);
			path = Controllers;
			sourceTree = "<group>";
		};
		1FEA60A526021F8900654538 /* Signup */ = {
			isa = PBXGroup;
			children = (
				1F54F7BF26036341005DC60D /* Protocols */,
				1F6786BF2602928E00662A18 /* Presenters */,
				1FEA60A82602275000654538 /* Network */,
				1FEA60A72602270900654538 /* Controllers */,
				1FEA60A6260226B900654538 /* Models */,
			);
			path = Signup;
			sourceTree = "<group>";
		};
		1FEA60A6260226B900654538 /* Models */ = {
			isa = PBXGroup;
			children = (
				1FEA609D2602191B00654538 /* SignupFormModel.swift */,
				1F85A5522604AFA700307245 /* SignupError.swift */,
				1F6786CA260298B200662A18 /* SignupFormModelValidator.swift */,
			);
			path = Models;
			sourceTree = "<group>";
		};
		1FEA60A72602270900654538 /* Controllers */ = {
			isa = PBXGroup;
			children = (
				1F45443E2603B0B800CD05D7 /* SignupViewController.swift */,
			);
			path = Controllers;
			sourceTree = "<group>";
		};
		1FEA60A82602275000654538 /* Network */ = {
			isa = PBXGroup;
			children = (
				1FEA60982602151D00654538 /* SignupWebService.swift */,
				1F67868A260248ED00662A18 /* SignupWebServiceProtocol.swift */,
			);
			path = Network;
			sourceTree = "<group>";
		};
		1FEA60AA260227A200654538 /* Models */ = {
			isa = PBXGroup;
			children = (
			);
			path = Models;
			sourceTree = "<group>";
		};
		1FEA60AC260227D400654538 /* Controller */ = {
			isa = PBXGroup;
			children = (
				1F54F7D62603AE62005DC60D /* SignupViewControllerTests.swift */,
			);
			path = Controller;
			sourceTree = "<group>";
		};
		1FED6057260B29A80053B489 /* Firebase Mocks */ = {
			isa = PBXGroup;
			children = (
				1FED6052260A64580053B489 /* MockSnapshot.swift */,
				1FED604D260A63CF0053B489 /* MockDatabaseReference.swift */,
			);
			path = "Firebase Mocks";
			sourceTree = "<group>";
		};
		1FED6058260B29C40053B489 /* Firebase Mocks */ = {
			isa = PBXGroup;
			children = (
			);
			path = "Firebase Mocks";
			sourceTree = "<group>";
		};
		6090355FC17C9E80D2D85131 /* Pods */ = {
			isa = PBXGroup;
			children = (
				260C27259012D7A7C73EBC8E /* Pods-MiFaena.debug.xcconfig */,
				5E34F28D1CAAD2E062CAE8C8 /* Pods-MiFaena.release.xcconfig */,
				C36AF8EE4F35D1FC62B5B51D /* Pods-MiFaenaTests.debug.xcconfig */,
				1006DDE0CFDCED27C834F3BF /* Pods-MiFaenaTests.release.xcconfig */,
				3C4D2633842138DF64F2B3CE /* Pods-MiFaenaUITests.debug.xcconfig */,
				5C33EDFF60BB4BEA2820CC0D /* Pods-MiFaenaUITests.release.xcconfig */,
			);
			path = Pods;
			sourceTree = "<group>";
		};
		BAFF3F16D65CAA7032BED800 /* Frameworks */ = {
			isa = PBXGroup;
			children = (
				73C54B13E86D08378DD70627 /* Pods_MiFaena.framework */,
				48B23FAAA5B1F66C2766C297 /* Pods_MiFaenaTests.framework */,
				7A331225C9D1D767689299D1 /* Pods_MiFaenaUITests.framework */,
			);
			name = Frameworks;
			sourceTree = "<group>";
		};
/* End PBXGroup section */

/* Begin PBXNativeTarget section */
		1FCECF3C2601387300C06370 /* MiFaena */ = {
			isa = PBXNativeTarget;
			buildConfigurationList = 1FCECF512601387600C06370 /* Build configuration list for PBXNativeTarget "MiFaena" */;
			buildPhases = (
				9E175311EBE7C5613D7D457C /* [CP] Check Pods Manifest.lock */,
				1FCECF392601387300C06370 /* Sources */,
				1FCECF3A2601387300C06370 /* Frameworks */,
				1FCECF3B2601387300C06370 /* Resources */,
				13E2D8166D390F9640A629A7 /* [CP] Embed Pods Frameworks */,
			);
			buildRules = (
			);
			dependencies = (
			);
			name = MiFaena;
			productName = MiFaena;
			productReference = 1FCECF3D2601387300C06370 /* MiFaena.app */;
			productType = "com.apple.product-type.application";
		};
		1FCECF5826013E4300C06370 /* MiFaenaTests */ = {
			isa = PBXNativeTarget;
			buildConfigurationList = 1FCECF6026013E4300C06370 /* Build configuration list for PBXNativeTarget "MiFaenaTests" */;
			buildPhases = (
				937C03C222E51609855B485C /* [CP] Check Pods Manifest.lock */,
				1FCECF5526013E4300C06370 /* Sources */,
				1FCECF5626013E4300C06370 /* Frameworks */,
				1FCECF5726013E4300C06370 /* Resources */,
				07392778D4BE33734FFB9450 /* [CP] Embed Pods Frameworks */,
			);
			buildRules = (
			);
			dependencies = (
				1FCECF5F26013E4300C06370 /* PBXTargetDependency */,
			);
			name = MiFaenaTests;
			productName = MiFaenaTests;
			productReference = 1FCECF5926013E4300C06370 /* MiFaenaTests.xctest */;
			productType = "com.apple.product-type.bundle.unit-test";
		};
		1FCECF6826013E4D00C06370 /* MiFaenaUITests */ = {
			isa = PBXNativeTarget;
			buildConfigurationList = 1FCECF7026013E4D00C06370 /* Build configuration list for PBXNativeTarget "MiFaenaUITests" */;
			buildPhases = (
				953D4E21315893D07295B5BD /* [CP] Check Pods Manifest.lock */,
				1FCECF6526013E4D00C06370 /* Sources */,
				1FCECF6626013E4D00C06370 /* Frameworks */,
				1FCECF6726013E4D00C06370 /* Resources */,
				9BD41210EC7BBD1068D64D46 /* [CP] Embed Pods Frameworks */,
			);
			buildRules = (
			);
			dependencies = (
				1FCECF6F26013E4D00C06370 /* PBXTargetDependency */,
			);
			name = MiFaenaUITests;
			productName = MiFaenaUITests;
			productReference = 1FCECF6926013E4D00C06370 /* MiFaenaUITests.xctest */;
			productType = "com.apple.product-type.bundle.ui-testing";
		};
/* End PBXNativeTarget section */

/* Begin PBXProject section */
		1FCECF352601387300C06370 /* Project object */ = {
			isa = PBXProject;
			attributes = {
				LastSwiftUpdateCheck = 1240;
				LastUpgradeCheck = 1240;
				TargetAttributes = {
					1FCECF3C2601387300C06370 = {
						CreatedOnToolsVersion = 12.4;
					};
					1FCECF5826013E4300C06370 = {
						CreatedOnToolsVersion = 12.4;
						TestTargetID = 1FCECF3C2601387300C06370;
					};
					1FCECF6826013E4D00C06370 = {
						CreatedOnToolsVersion = 12.4;
						TestTargetID = 1FCECF3C2601387300C06370;
					};
				};
			};
			buildConfigurationList = 1FCECF382601387300C06370 /* Build configuration list for PBXProject "MiFaena" */;
			compatibilityVersion = "Xcode 9.3";
			developmentRegion = en;
			hasScannedForEncodings = 0;
			knownRegions = (
				en,
				Base,
			);
			mainGroup = 1FCECF342601387300C06370;
			productRefGroup = 1FCECF3E2601387300C06370 /* Products */;
			projectDirPath = "";
			projectRoot = "";
			targets = (
				1FCECF3C2601387300C06370 /* MiFaena */,
				1FCECF5826013E4300C06370 /* MiFaenaTests */,
				1FCECF6826013E4D00C06370 /* MiFaenaUITests */,
			);
		};
/* End PBXProject section */

/* Begin PBXResourcesBuildPhase section */
		1FCECF3B2601387300C06370 /* Resources */ = {
			isa = PBXResourcesBuildPhase;
			buildActionMask = 2147483647;
			files = (
				1FCECF7A2601403E00C06370 /* GoogleService-Info.plist in Resources */,
				1FCECF4D2601387600C06370 /* LaunchScreen.storyboard in Resources */,
				1FCECF4A2601387600C06370 /* Assets.xcassets in Resources */,
			);
			runOnlyForDeploymentPostprocessing = 0;
		};
		1FCECF5726013E4300C06370 /* Resources */ = {
			isa = PBXResourcesBuildPhase;
			buildActionMask = 2147483647;
			files = (
			);
			runOnlyForDeploymentPostprocessing = 0;
		};
		1FCECF6726013E4D00C06370 /* Resources */ = {
			isa = PBXResourcesBuildPhase;
			buildActionMask = 2147483647;
			files = (
			);
			runOnlyForDeploymentPostprocessing = 0;
		};
/* End PBXResourcesBuildPhase section */

/* Begin PBXShellScriptBuildPhase section */
		07392778D4BE33734FFB9450 /* [CP] Embed Pods Frameworks */ = {
			isa = PBXShellScriptBuildPhase;
			buildActionMask = 2147483647;
			files = (
			);
			inputFileListPaths = (
				"${PODS_ROOT}/Target Support Files/Pods-MiFaenaTests/Pods-MiFaenaTests-frameworks-${CONFIGURATION}-input-files.xcfilelist",
			);
			name = "[CP] Embed Pods Frameworks";
			outputFileListPaths = (
				"${PODS_ROOT}/Target Support Files/Pods-MiFaenaTests/Pods-MiFaenaTests-frameworks-${CONFIGURATION}-output-files.xcfilelist",
			);
			runOnlyForDeploymentPostprocessing = 0;
			shellPath = /bin/sh;
			shellScript = "\"${PODS_ROOT}/Target Support Files/Pods-MiFaenaTests/Pods-MiFaenaTests-frameworks.sh\"\n";
			showEnvVarsInLog = 0;
		};
		13E2D8166D390F9640A629A7 /* [CP] Embed Pods Frameworks */ = {
			isa = PBXShellScriptBuildPhase;
			buildActionMask = 2147483647;
			files = (
			);
			inputFileListPaths = (
				"${PODS_ROOT}/Target Support Files/Pods-MiFaena/Pods-MiFaena-frameworks-${CONFIGURATION}-input-files.xcfilelist",
			);
			name = "[CP] Embed Pods Frameworks";
			outputFileListPaths = (
				"${PODS_ROOT}/Target Support Files/Pods-MiFaena/Pods-MiFaena-frameworks-${CONFIGURATION}-output-files.xcfilelist",
			);
			runOnlyForDeploymentPostprocessing = 0;
			shellPath = /bin/sh;
			shellScript = "\"${PODS_ROOT}/Target Support Files/Pods-MiFaena/Pods-MiFaena-frameworks.sh\"\n";
			showEnvVarsInLog = 0;
		};
		937C03C222E51609855B485C /* [CP] Check Pods Manifest.lock */ = {
			isa = PBXShellScriptBuildPhase;
			buildActionMask = 2147483647;
			files = (
			);
			inputFileListPaths = (
			);
			inputPaths = (
				"${PODS_PODFILE_DIR_PATH}/Podfile.lock",
				"${PODS_ROOT}/Manifest.lock",
			);
			name = "[CP] Check Pods Manifest.lock";
			outputFileListPaths = (
			);
			outputPaths = (
				"$(DERIVED_FILE_DIR)/Pods-MiFaenaTests-checkManifestLockResult.txt",
			);
			runOnlyForDeploymentPostprocessing = 0;
			shellPath = /bin/sh;
			shellScript = "diff \"${PODS_PODFILE_DIR_PATH}/Podfile.lock\" \"${PODS_ROOT}/Manifest.lock\" > /dev/null\nif [ $? != 0 ] ; then\n    # print error to STDERR\n    echo \"error: The sandbox is not in sync with the Podfile.lock. Run 'pod install' or update your CocoaPods installation.\" >&2\n    exit 1\nfi\n# This output is used by Xcode 'outputs' to avoid re-running this script phase.\necho \"SUCCESS\" > \"${SCRIPT_OUTPUT_FILE_0}\"\n";
			showEnvVarsInLog = 0;
		};
		953D4E21315893D07295B5BD /* [CP] Check Pods Manifest.lock */ = {
			isa = PBXShellScriptBuildPhase;
			buildActionMask = 2147483647;
			files = (
			);
			inputFileListPaths = (
			);
			inputPaths = (
				"${PODS_PODFILE_DIR_PATH}/Podfile.lock",
				"${PODS_ROOT}/Manifest.lock",
			);
			name = "[CP] Check Pods Manifest.lock";
			outputFileListPaths = (
			);
			outputPaths = (
				"$(DERIVED_FILE_DIR)/Pods-MiFaenaUITests-checkManifestLockResult.txt",
			);
			runOnlyForDeploymentPostprocessing = 0;
			shellPath = /bin/sh;
			shellScript = "diff \"${PODS_PODFILE_DIR_PATH}/Podfile.lock\" \"${PODS_ROOT}/Manifest.lock\" > /dev/null\nif [ $? != 0 ] ; then\n    # print error to STDERR\n    echo \"error: The sandbox is not in sync with the Podfile.lock. Run 'pod install' or update your CocoaPods installation.\" >&2\n    exit 1\nfi\n# This output is used by Xcode 'outputs' to avoid re-running this script phase.\necho \"SUCCESS\" > \"${SCRIPT_OUTPUT_FILE_0}\"\n";
			showEnvVarsInLog = 0;
		};
		9BD41210EC7BBD1068D64D46 /* [CP] Embed Pods Frameworks */ = {
			isa = PBXShellScriptBuildPhase;
			buildActionMask = 2147483647;
			files = (
			);
			inputFileListPaths = (
				"${PODS_ROOT}/Target Support Files/Pods-MiFaenaUITests/Pods-MiFaenaUITests-frameworks-${CONFIGURATION}-input-files.xcfilelist",
			);
			name = "[CP] Embed Pods Frameworks";
			outputFileListPaths = (
				"${PODS_ROOT}/Target Support Files/Pods-MiFaenaUITests/Pods-MiFaenaUITests-frameworks-${CONFIGURATION}-output-files.xcfilelist",
			);
			runOnlyForDeploymentPostprocessing = 0;
			shellPath = /bin/sh;
			shellScript = "\"${PODS_ROOT}/Target Support Files/Pods-MiFaenaUITests/Pods-MiFaenaUITests-frameworks.sh\"\n";
			showEnvVarsInLog = 0;
		};
		9E175311EBE7C5613D7D457C /* [CP] Check Pods Manifest.lock */ = {
			isa = PBXShellScriptBuildPhase;
			buildActionMask = 2147483647;
			files = (
			);
			inputFileListPaths = (
			);
			inputPaths = (
				"${PODS_PODFILE_DIR_PATH}/Podfile.lock",
				"${PODS_ROOT}/Manifest.lock",
			);
			name = "[CP] Check Pods Manifest.lock";
			outputFileListPaths = (
			);
			outputPaths = (
				"$(DERIVED_FILE_DIR)/Pods-MiFaena-checkManifestLockResult.txt",
			);
			runOnlyForDeploymentPostprocessing = 0;
			shellPath = /bin/sh;
			shellScript = "diff \"${PODS_PODFILE_DIR_PATH}/Podfile.lock\" \"${PODS_ROOT}/Manifest.lock\" > /dev/null\nif [ $? != 0 ] ; then\n    # print error to STDERR\n    echo \"error: The sandbox is not in sync with the Podfile.lock. Run 'pod install' or update your CocoaPods installation.\" >&2\n    exit 1\nfi\n# This output is used by Xcode 'outputs' to avoid re-running this script phase.\necho \"SUCCESS\" > \"${SCRIPT_OUTPUT_FILE_0}\"\n";
			showEnvVarsInLog = 0;
		};
/* End PBXShellScriptBuildPhase section */

/* Begin PBXSourcesBuildPhase section */
		1FCECF392601387300C06370 /* Sources */ = {
			isa = PBXSourcesBuildPhase;
			buildActionMask = 2147483647;
			files = (
				1F85A5462603E9AA00307245 /* SignupPresenterProtocol.swift in Sources */,
				1FE280A52604F24A00005970 /* SigninFormModel.swift in Sources */,
				1F67868B260248ED00662A18 /* SignupWebServiceProtocol.swift in Sources */,
				1F6816B92607EAD0006D3C8A /* ProductionController.swift in Sources */,
				1FE280AA2604F60F00005970 /* SigninError.swift in Sources */,
				1F9599D52607DF8800C02B2C /* MainTabBarController.swift in Sources */,
				1F2C09932607492B000E690E /* MainTabValidatorProtocol.swift in Sources */,
				1FEA609E2602191B00654538 /* SignupFormModel.swift in Sources */,
				1F54F7D12603961C005DC60D /* Utils.swift in Sources */,
				1F5A828126091B6600D90522 /* SupplierInvoiceSummariesPresenterProtocol.swift in Sources */,
				1FE280EC260539F600005970 /* SigninPresenterProtocol.swift in Sources */,
				1F54F7C126036359005DC60D /* SignupViewDelegateProtocol.swift in Sources */,
				1F4F88A5260810B10069E478 /* SuppliersInvoiceController.swift in Sources */,
				1F54F7CB260395CE005DC60D /* ActivityIndicator.swift in Sources */,
				1FE280902604E50D00005970 /* SigninFormModelValidatorProtocol.swift in Sources */,
				1FE280A02604F17200005970 /* SigninWebService.swift in Sources */,
				1FE280B8260507D800005970 /* SigninPresenter.swift in Sources */,
				1F2C097E26073BAB000E690E /* MainTabValidator.swift in Sources */,
				1F6816AC2607EAB8006D3C8A /* MiscellaneousController.swift in Sources */,
				1F5A822D2608C5D400D90522 /* SuppliersInvoiceSummariesWebService.swift in Sources */,
				1F5A824B2608F5DE00D90522 /* SuppliersInvoiceSummiersPresenter.swift in Sources */,
				1FE2808A2604E11500005970 /* SigninFormModelValidator.swift in Sources */,
				1F5A825D2608F6E600D90522 /* SuppliersInvoiceSummariesWebServiceProtocol.swift in Sources */,
				1F5A826E2608FD8700D90522 /* SuppliersInvoiceSummariesViewDelegateProtocol.swift in Sources */,
				1FCECF412601387300C06370 /* AppDelegate.swift in Sources */,
				1F6786D0260298E800662A18 /* SignupModelValidatorProtocol.swift in Sources */,
				1F6816BE2607EADC006D3C8A /* CustomersController.swift in Sources */,
				1F9599BE26075D2000C02B2C /* MainTabViewDelegateProtocol.swift in Sources */,
				1FE280CC26051F9900005970 /* SigninViewDelegateProtocol.swift in Sources */,
				1F3D9770260631A400D65153 /* MainTabPresenter.swift in Sources */,
				1F52D69C260B3C25008A4A9F /* InvoiceSummaryCell.swift in Sources */,
				1FE280C2260517F000005970 /* SigninWebServiceProtocol.swift in Sources */,
				1F6816B42607EAC5006D3C8A /* ResultsController.swift in Sources */,
				1F3D97642606216400D65153 /* MainTabWebService.swift in Sources */,
				1F6786B626028D9600662A18 /* GlobalConstants.swift in Sources */,
				1FF1F9392607F6850010291B /* MainTabBarControllerPresenterProtocol.swift in Sources */,
				1F45443F2603B0B800CD05D7 /* SignupViewController.swift in Sources */,
				1F9599B42607512D00C02B2C /* MainTabWebServiceProtocol.swift in Sources */,
				1F3D976A260623BD00D65153 /* User.swift in Sources */,
				1F54F7CC260395CE005DC60D /* Extensions.swift in Sources */,
				1FE280D22605273900005970 /* SigninViewController.swift in Sources */,
				1FEA60992602151D00654538 /* SignupWebService.swift in Sources */,
				1F5A82332608C6E200D90522 /* SuppliersInvSummaries.swift in Sources */,
				1F6816C32607EAED006D3C8A /* SuppliersController.swift in Sources */,
				1F85A5532604AFA700307245 /* SignupError.swift in Sources */,
				1F6786C1260292AA00662A18 /* SignupPresenter.swift in Sources */,
				1FCECF432601387300C06370 /* SceneDelegate.swift in Sources */,
				1F6786CB260298B200662A18 /* SignupFormModelValidator.swift in Sources */,
			);
			runOnlyForDeploymentPostprocessing = 0;
		};
		1FCECF5526013E4300C06370 /* Sources */ = {
			isa = PBXSourcesBuildPhase;
			buildActionMask = 2147483647;
			files = (
				1F5A823F2608F42E00D90522 /* SuppliersInvoiceSummariesPresenterTests.swift in Sources */,
				1F4F88B82608C27E0069E478 /* SuppliersInvoiceSummariesWebServiceTests.swift in Sources */,
				1FE2809A2604F0B200005970 /* SigninWebServiceTests.swift in Sources */,
				1FE280B22605065000005970 /* SigninPresenterTests.swift in Sources */,
				1F9599E02607E03700C02B2C /* MainTabBarControllerTests.swift in Sources */,
				1FED6053260A64580053B489 /* MockSnapshot.swift in Sources */,
				1FE280BD2605169E00005970 /* MockSigninWebService.swift in Sources */,
				1F2C098B2607465C000E690E /* MockMainTabValidator.swift in Sources */,
				1F3D97592606208700D65153 /* MainTabWebServiceTests.swift in Sources */,
				1F6786862602489A00662A18 /* MockSignupWebService.swift in Sources */,
				1F5A82542608F6AA00D90522 /* MockSuppliersInvoiceSummariesWebService.swift in Sources */,
				1FF1F9342607F4520010291B /* MockMainTabBarControllerPresenter.swift in Sources */,
				1F9599B926075C6400C02B2C /* MockMainTabViewDelegate.swift in Sources */,
				1FE280DA2605321A00005970 /* SigninViewControllerTests.swift in Sources */,
				1FE280E72605396600005970 /* MockSigninPresenter.swift in Sources */,
				1FE280952604EE9D00005970 /* MockSigninModelValidator.swift in Sources */,
				1F5A82632608FD2300D90522 /* MockSuppliersInvoiceSummeriesViewDelegate.swift in Sources */,
				1F54F7D72603AE62005DC60D /* SignupViewControllerTests.swift in Sources */,
				1F2C09832607434E000E690E /* MainTabPresenterTests.swift in Sources */,
				1F9599AF2607505B00C02B2C /* MockMainTabWebService.swift in Sources */,
				1F6786BB260290EC00662A18 /* SignupPresenterTests.swift in Sources */,
				1F54F7B8260361A1005DC60D /* MockSignupViewDelegate.swift in Sources */,
				1F2C097926073B41000E690E /* MainTabValidatorTests.swift in Sources */,
				1FED604E260A63CF0053B489 /* MockDatabaseReference.swift in Sources */,
				1FE280802604DFF800005970 /* SigninFormModelValidatorTests.swift in Sources */,
				1F5A827C26091B0E00D90522 /* MockSupplierInvoiceSummariesPresenter.swift in Sources */,
				1F6786C62602947800662A18 /* MockSignupModelValidator.swift in Sources */,
				1F85A54B2603EA5000307245 /* MockSignupPresenter.swift in Sources */,
				1FE280C726051E9100005970 /* MockSigninViewDelegate.swift in Sources */,
				1F5A8274260910AC00D90522 /* SuppliersControllerTests.swift in Sources */,
			);
			runOnlyForDeploymentPostprocessing = 0;
		};
		1FCECF6526013E4D00C06370 /* Sources */ = {
			isa = PBXSourcesBuildPhase;
			buildActionMask = 2147483647;
			files = (
				1FCECF6C26013E4D00C06370 /* MiFaenaUITests.swift in Sources */,
			);
			runOnlyForDeploymentPostprocessing = 0;
		};
/* End PBXSourcesBuildPhase section */

/* Begin PBXTargetDependency section */
		1FCECF5F26013E4300C06370 /* PBXTargetDependency */ = {
			isa = PBXTargetDependency;
			target = 1FCECF3C2601387300C06370 /* MiFaena */;
			targetProxy = 1FCECF5E26013E4300C06370 /* PBXContainerItemProxy */;
		};
		1FCECF6F26013E4D00C06370 /* PBXTargetDependency */ = {
			isa = PBXTargetDependency;
			target = 1FCECF3C2601387300C06370 /* MiFaena */;
			targetProxy = 1FCECF6E26013E4D00C06370 /* PBXContainerItemProxy */;
		};
/* End PBXTargetDependency section */

/* Begin PBXVariantGroup section */
		1FCECF4B2601387600C06370 /* LaunchScreen.storyboard */ = {
			isa = PBXVariantGroup;
			children = (
				1FCECF4C2601387600C06370 /* Base */,
			);
			name = LaunchScreen.storyboard;
			sourceTree = "<group>";
		};
/* End PBXVariantGroup section */

/* Begin XCBuildConfiguration section */
		1FCECF4F2601387600C06370 /* Debug */ = {
			isa = XCBuildConfiguration;
			buildSettings = {
				ALWAYS_SEARCH_USER_PATHS = NO;
				CLANG_ANALYZER_NONNULL = YES;
				CLANG_ANALYZER_NUMBER_OBJECT_CONVERSION = YES_AGGRESSIVE;
				CLANG_CXX_LANGUAGE_STANDARD = "gnu++14";
				CLANG_CXX_LIBRARY = "libc++";
				CLANG_ENABLE_MODULES = YES;
				CLANG_ENABLE_OBJC_ARC = YES;
				CLANG_ENABLE_OBJC_WEAK = YES;
				CLANG_WARN_BLOCK_CAPTURE_AUTORELEASING = YES;
				CLANG_WARN_BOOL_CONVERSION = YES;
				CLANG_WARN_COMMA = YES;
				CLANG_WARN_CONSTANT_CONVERSION = YES;
				CLANG_WARN_DEPRECATED_OBJC_IMPLEMENTATIONS = YES;
				CLANG_WARN_DIRECT_OBJC_ISA_USAGE = YES_ERROR;
				CLANG_WARN_DOCUMENTATION_COMMENTS = YES;
				CLANG_WARN_EMPTY_BODY = YES;
				CLANG_WARN_ENUM_CONVERSION = YES;
				CLANG_WARN_INFINITE_RECURSION = YES;
				CLANG_WARN_INT_CONVERSION = YES;
				CLANG_WARN_NON_LITERAL_NULL_CONVERSION = YES;
				CLANG_WARN_OBJC_IMPLICIT_RETAIN_SELF = YES;
				CLANG_WARN_OBJC_LITERAL_CONVERSION = YES;
				CLANG_WARN_OBJC_ROOT_CLASS = YES_ERROR;
				CLANG_WARN_QUOTED_INCLUDE_IN_FRAMEWORK_HEADER = YES;
				CLANG_WARN_RANGE_LOOP_ANALYSIS = YES;
				CLANG_WARN_STRICT_PROTOTYPES = YES;
				CLANG_WARN_SUSPICIOUS_MOVE = YES;
				CLANG_WARN_UNGUARDED_AVAILABILITY = YES_AGGRESSIVE;
				CLANG_WARN_UNREACHABLE_CODE = YES;
				CLANG_WARN__DUPLICATE_METHOD_MATCH = YES;
				COPY_PHASE_STRIP = NO;
				DEBUG_INFORMATION_FORMAT = dwarf;
				ENABLE_STRICT_OBJC_MSGSEND = YES;
				ENABLE_TESTABILITY = YES;
				GCC_C_LANGUAGE_STANDARD = gnu11;
				GCC_DYNAMIC_NO_PIC = NO;
				GCC_NO_COMMON_BLOCKS = YES;
				GCC_OPTIMIZATION_LEVEL = 0;
				GCC_PREPROCESSOR_DEFINITIONS = (
					"DEBUG=1",
					"$(inherited)",
				);
				GCC_WARN_64_TO_32_BIT_CONVERSION = YES;
				GCC_WARN_ABOUT_RETURN_TYPE = YES_ERROR;
				GCC_WARN_UNDECLARED_SELECTOR = YES;
				GCC_WARN_UNINITIALIZED_AUTOS = YES_AGGRESSIVE;
				GCC_WARN_UNUSED_FUNCTION = YES;
				GCC_WARN_UNUSED_VARIABLE = YES;
				IPHONEOS_DEPLOYMENT_TARGET = 14.4;
				MTL_ENABLE_DEBUG_INFO = INCLUDE_SOURCE;
				MTL_FAST_MATH = YES;
				ONLY_ACTIVE_ARCH = YES;
				SDKROOT = iphoneos;
				SWIFT_ACTIVE_COMPILATION_CONDITIONS = DEBUG;
				SWIFT_OPTIMIZATION_LEVEL = "-Onone";
			};
			name = Debug;
		};
		1FCECF502601387600C06370 /* Release */ = {
			isa = XCBuildConfiguration;
			buildSettings = {
				ALWAYS_SEARCH_USER_PATHS = NO;
				CLANG_ANALYZER_NONNULL = YES;
				CLANG_ANALYZER_NUMBER_OBJECT_CONVERSION = YES_AGGRESSIVE;
				CLANG_CXX_LANGUAGE_STANDARD = "gnu++14";
				CLANG_CXX_LIBRARY = "libc++";
				CLANG_ENABLE_MODULES = YES;
				CLANG_ENABLE_OBJC_ARC = YES;
				CLANG_ENABLE_OBJC_WEAK = YES;
				CLANG_WARN_BLOCK_CAPTURE_AUTORELEASING = YES;
				CLANG_WARN_BOOL_CONVERSION = YES;
				CLANG_WARN_COMMA = YES;
				CLANG_WARN_CONSTANT_CONVERSION = YES;
				CLANG_WARN_DEPRECATED_OBJC_IMPLEMENTATIONS = YES;
				CLANG_WARN_DIRECT_OBJC_ISA_USAGE = YES_ERROR;
				CLANG_WARN_DOCUMENTATION_COMMENTS = YES;
				CLANG_WARN_EMPTY_BODY = YES;
				CLANG_WARN_ENUM_CONVERSION = YES;
				CLANG_WARN_INFINITE_RECURSION = YES;
				CLANG_WARN_INT_CONVERSION = YES;
				CLANG_WARN_NON_LITERAL_NULL_CONVERSION = YES;
				CLANG_WARN_OBJC_IMPLICIT_RETAIN_SELF = YES;
				CLANG_WARN_OBJC_LITERAL_CONVERSION = YES;
				CLANG_WARN_OBJC_ROOT_CLASS = YES_ERROR;
				CLANG_WARN_QUOTED_INCLUDE_IN_FRAMEWORK_HEADER = YES;
				CLANG_WARN_RANGE_LOOP_ANALYSIS = YES;
				CLANG_WARN_STRICT_PROTOTYPES = YES;
				CLANG_WARN_SUSPICIOUS_MOVE = YES;
				CLANG_WARN_UNGUARDED_AVAILABILITY = YES_AGGRESSIVE;
				CLANG_WARN_UNREACHABLE_CODE = YES;
				CLANG_WARN__DUPLICATE_METHOD_MATCH = YES;
				COPY_PHASE_STRIP = NO;
				DEBUG_INFORMATION_FORMAT = "dwarf-with-dsym";
				ENABLE_NS_ASSERTIONS = NO;
				ENABLE_STRICT_OBJC_MSGSEND = YES;
				GCC_C_LANGUAGE_STANDARD = gnu11;
				GCC_NO_COMMON_BLOCKS = YES;
				GCC_WARN_64_TO_32_BIT_CONVERSION = YES;
				GCC_WARN_ABOUT_RETURN_TYPE = YES_ERROR;
				GCC_WARN_UNDECLARED_SELECTOR = YES;
				GCC_WARN_UNINITIALIZED_AUTOS = YES_AGGRESSIVE;
				GCC_WARN_UNUSED_FUNCTION = YES;
				GCC_WARN_UNUSED_VARIABLE = YES;
				IPHONEOS_DEPLOYMENT_TARGET = 14.4;
				MTL_ENABLE_DEBUG_INFO = NO;
				MTL_FAST_MATH = YES;
				SDKROOT = iphoneos;
				SWIFT_COMPILATION_MODE = wholemodule;
				SWIFT_OPTIMIZATION_LEVEL = "-O";
				VALIDATE_PRODUCT = YES;
			};
			name = Release;
		};
		1FCECF522601387600C06370 /* Debug */ = {
			isa = XCBuildConfiguration;
			baseConfigurationReference = 260C27259012D7A7C73EBC8E /* Pods-MiFaena.debug.xcconfig */;
			buildSettings = {
				ASSETCATALOG_COMPILER_APPICON_NAME = AppIcon;
				ASSETCATALOG_COMPILER_GLOBAL_ACCENT_COLOR_NAME = AccentColor;
				CODE_SIGN_STYLE = Automatic;
				DEVELOPMENT_TEAM = 2JM5RQ28LQ;
				INFOPLIST_FILE = MiFaena/Info.plist;
				LD_RUNPATH_SEARCH_PATHS = (
					"$(inherited)",
					"@executable_path/Frameworks",
				);
				PRODUCT_BUNDLE_IDENTIFIER = com.carloscaraccia.MiFaena;
				PRODUCT_NAME = "$(TARGET_NAME)";
				SWIFT_VERSION = 5.0;
				TARGETED_DEVICE_FAMILY = "1,2";
			};
			name = Debug;
		};
		1FCECF532601387600C06370 /* Release */ = {
			isa = XCBuildConfiguration;
			baseConfigurationReference = 5E34F28D1CAAD2E062CAE8C8 /* Pods-MiFaena.release.xcconfig */;
			buildSettings = {
				ASSETCATALOG_COMPILER_APPICON_NAME = AppIcon;
				ASSETCATALOG_COMPILER_GLOBAL_ACCENT_COLOR_NAME = AccentColor;
				CODE_SIGN_STYLE = Automatic;
				DEVELOPMENT_TEAM = 2JM5RQ28LQ;
				INFOPLIST_FILE = MiFaena/Info.plist;
				LD_RUNPATH_SEARCH_PATHS = (
					"$(inherited)",
					"@executable_path/Frameworks",
				);
				PRODUCT_BUNDLE_IDENTIFIER = com.carloscaraccia.MiFaena;
				PRODUCT_NAME = "$(TARGET_NAME)";
				SWIFT_VERSION = 5.0;
				TARGETED_DEVICE_FAMILY = "1,2";
			};
			name = Release;
		};
		1FCECF6126013E4300C06370 /* Debug */ = {
			isa = XCBuildConfiguration;
			baseConfigurationReference = C36AF8EE4F35D1FC62B5B51D /* Pods-MiFaenaTests.debug.xcconfig */;
			buildSettings = {
				BUNDLE_LOADER = "$(TEST_HOST)";
				CODE_SIGN_STYLE = Automatic;
				DEVELOPMENT_TEAM = 2JM5RQ28LQ;
				INFOPLIST_FILE = MiFaenaTests/Info.plist;
				LD_RUNPATH_SEARCH_PATHS = (
					"$(inherited)",
					"@executable_path/Frameworks",
					"@loader_path/Frameworks",
				);
				PRODUCT_BUNDLE_IDENTIFIER = com.carloscaraccia.MiFaenaTests;
				PRODUCT_NAME = "$(TARGET_NAME)";
				SWIFT_VERSION = 5.0;
				TARGETED_DEVICE_FAMILY = "1,2";
				TEST_HOST = "$(BUILT_PRODUCTS_DIR)/MiFaena.app/MiFaena";
			};
			name = Debug;
		};
		1FCECF6226013E4300C06370 /* Release */ = {
			isa = XCBuildConfiguration;
			baseConfigurationReference = 1006DDE0CFDCED27C834F3BF /* Pods-MiFaenaTests.release.xcconfig */;
			buildSettings = {
				BUNDLE_LOADER = "$(TEST_HOST)";
				CODE_SIGN_STYLE = Automatic;
				DEVELOPMENT_TEAM = 2JM5RQ28LQ;
				INFOPLIST_FILE = MiFaenaTests/Info.plist;
				LD_RUNPATH_SEARCH_PATHS = (
					"$(inherited)",
					"@executable_path/Frameworks",
					"@loader_path/Frameworks",
				);
				PRODUCT_BUNDLE_IDENTIFIER = com.carloscaraccia.MiFaenaTests;
				PRODUCT_NAME = "$(TARGET_NAME)";
				SWIFT_VERSION = 5.0;
				TARGETED_DEVICE_FAMILY = "1,2";
				TEST_HOST = "$(BUILT_PRODUCTS_DIR)/MiFaena.app/MiFaena";
			};
			name = Release;
		};
		1FCECF7126013E4D00C06370 /* Debug */ = {
			isa = XCBuildConfiguration;
			baseConfigurationReference = 3C4D2633842138DF64F2B3CE /* Pods-MiFaenaUITests.debug.xcconfig */;
			buildSettings = {
				CODE_SIGN_STYLE = Automatic;
				DEVELOPMENT_TEAM = 2JM5RQ28LQ;
				INFOPLIST_FILE = MiFaenaUITests/Info.plist;
				LD_RUNPATH_SEARCH_PATHS = (
					"$(inherited)",
					"@executable_path/Frameworks",
					"@loader_path/Frameworks",
				);
				PRODUCT_BUNDLE_IDENTIFIER = com.carloscaraccia.MiFaenaUITests;
				PRODUCT_NAME = "$(TARGET_NAME)";
				SWIFT_VERSION = 5.0;
				TARGETED_DEVICE_FAMILY = "1,2";
				TEST_TARGET_NAME = MiFaena;
			};
			name = Debug;
		};
		1FCECF7226013E4D00C06370 /* Release */ = {
			isa = XCBuildConfiguration;
			baseConfigurationReference = 5C33EDFF60BB4BEA2820CC0D /* Pods-MiFaenaUITests.release.xcconfig */;
			buildSettings = {
				CODE_SIGN_STYLE = Automatic;
				DEVELOPMENT_TEAM = 2JM5RQ28LQ;
				INFOPLIST_FILE = MiFaenaUITests/Info.plist;
				LD_RUNPATH_SEARCH_PATHS = (
					"$(inherited)",
					"@executable_path/Frameworks",
					"@loader_path/Frameworks",
				);
				PRODUCT_BUNDLE_IDENTIFIER = com.carloscaraccia.MiFaenaUITests;
				PRODUCT_NAME = "$(TARGET_NAME)";
				SWIFT_VERSION = 5.0;
				TARGETED_DEVICE_FAMILY = "1,2";
				TEST_TARGET_NAME = MiFaena;
			};
			name = Release;
		};
/* End XCBuildConfiguration section */

/* Begin XCConfigurationList section */
		1FCECF382601387300C06370 /* Build configuration list for PBXProject "MiFaena" */ = {
			isa = XCConfigurationList;
			buildConfigurations = (
				1FCECF4F2601387600C06370 /* Debug */,
				1FCECF502601387600C06370 /* Release */,
			);
			defaultConfigurationIsVisible = 0;
			defaultConfigurationName = Release;
		};
		1FCECF512601387600C06370 /* Build configuration list for PBXNativeTarget "MiFaena" */ = {
			isa = XCConfigurationList;
			buildConfigurations = (
				1FCECF522601387600C06370 /* Debug */,
				1FCECF532601387600C06370 /* Release */,
			);
			defaultConfigurationIsVisible = 0;
			defaultConfigurationName = Release;
		};
		1FCECF6026013E4300C06370 /* Build configuration list for PBXNativeTarget "MiFaenaTests" */ = {
			isa = XCConfigurationList;
			buildConfigurations = (
				1FCECF6126013E4300C06370 /* Debug */,
				1FCECF6226013E4300C06370 /* Release */,
			);
			defaultConfigurationIsVisible = 0;
			defaultConfigurationName = Release;
		};
		1FCECF7026013E4D00C06370 /* Build configuration list for PBXNativeTarget "MiFaenaUITests" */ = {
			isa = XCConfigurationList;
			buildConfigurations = (
				1FCECF7126013E4D00C06370 /* Debug */,
				1FCECF7226013E4D00C06370 /* Release */,
			);
			defaultConfigurationIsVisible = 0;
			defaultConfigurationName = Release;
		};
/* End XCConfigurationList section */
	};
	rootObject = 1FCECF352601387300C06370 /* Project object */;
}
